// !$*UTF8*$!
{
	archiveVersion = 1;
	classes = {
	};
	objectVersion = 55;
	objects = {

/* Begin PBXBuildFile section */
		525A7525CBA4F5110B6ED7EF /* Pods_FormandoTests.framework in Frameworks */ = {isa = PBXBuildFile; fileRef = 599C392F052DD9DF18F78BB8 /* Pods_FormandoTests.framework */; };
		7B06D395273D45BA003689DC /* Lottie in Frameworks */ = {isa = PBXBuildFile; productRef = 7B06D394273D45BA003689DC /* Lottie */; };
		7B06D398273D45D6003689DC /* SoundsKit in Frameworks */ = {isa = PBXBuildFile; productRef = 7B06D397273D45D6003689DC /* SoundsKit */; };
		7B2DA104273BF9CC004CF6BD /* LaunchScreen.storyboard in Resources */ = {isa = PBXBuildFile; fileRef = 7B9C57EA2738A4B9006C1979 /* LaunchScreen.storyboard */; };
		7B9C57DD2738A4B8006C1979 /* AppDelegate.swift in Sources */ = {isa = PBXBuildFile; fileRef = 7B9C57DC2738A4B8006C1979 /* AppDelegate.swift */; };
		7B9C57DF2738A4B8006C1979 /* SceneDelegate.swift in Sources */ = {isa = PBXBuildFile; fileRef = 7B9C57DE2738A4B8006C1979 /* SceneDelegate.swift */; };
		7B9C57E12738A4B8006C1979 /* ViewController.swift in Sources */ = {isa = PBXBuildFile; fileRef = 7B9C57E02738A4B8006C1979 /* ViewController.swift */; };
		7B9C57E42738A4B8006C1979 /* Main.storyboard in Resources */ = {isa = PBXBuildFile; fileRef = 7B9C57E22738A4B8006C1979 /* Main.storyboard */; };
		7B9C57E72738A4B8006C1979 /* Formando.xcdatamodeld in Sources */ = {isa = PBXBuildFile; fileRef = 7B9C57E52738A4B8006C1979 /* Formando.xcdatamodeld */; };
		7B9C57E92738A4B9006C1979 /* Assets.xcassets in Resources */ = {isa = PBXBuildFile; fileRef = 7B9C57E82738A4B9006C1979 /* Assets.xcassets */; };
		7B9C57F72738A4BA006C1979 /* FormandoTests.swift in Sources */ = {isa = PBXBuildFile; fileRef = 7B9C57F62738A4BA006C1979 /* FormandoTests.swift */; };
		7B9C58012738A4BA006C1979 /* FormandoUITests.swift in Sources */ = {isa = PBXBuildFile; fileRef = 7B9C58002738A4BA006C1979 /* FormandoUITests.swift */; };
		7B9C58032738A4BA006C1979 /* FormandoUITestsLaunchTests.swift in Sources */ = {isa = PBXBuildFile; fileRef = 7B9C58022738A4BA006C1979 /* FormandoUITestsLaunchTests.swift */; };
		7BF04069273BF08E00E61D7F /* Animation.swift in Sources */ = {isa = PBXBuildFile; fileRef = 7BF04068273BF08E00E61D7F /* Animation.swift */; };
		7BF0406B273BF09D00E61D7F /* MainRouter.swift in Sources */ = {isa = PBXBuildFile; fileRef = 7BF0406A273BF09D00E61D7F /* MainRouter.swift */; };
		7BF0406D273BF0AA00E61D7F /* Fonts.swift in Sources */ = {isa = PBXBuildFile; fileRef = 7BF0406C273BF0AA00E61D7F /* Fonts.swift */; };
		7BF0406F273BF0C100E61D7F /* CGPoint.swift in Sources */ = {isa = PBXBuildFile; fileRef = 7BF0406E273BF0C100E61D7F /* CGPoint.swift */; };
		7BF04071273BF0D900E61D7F /* LocalizableBundle.swift in Sources */ = {isa = PBXBuildFile; fileRef = 7BF04070273BF0D900E61D7F /* LocalizableBundle.swift */; };
		7BF04073273BF0E100E61D7F /* JsonAnimations.swift in Sources */ = {isa = PBXBuildFile; fileRef = 7BF04072273BF0E100E61D7F /* JsonAnimations.swift */; };
		7BF04075273BF10100E61D7F /* ARModel.swift in Sources */ = {isa = PBXBuildFile; fileRef = 7BF04074273BF10100E61D7F /* ARModel.swift */; };
		7BF04077273BF10900E61D7F /* ReportProtocol.swift in Sources */ = {isa = PBXBuildFile; fileRef = 7BF04076273BF10900E61D7F /* ReportProtocol.swift */; };
		7BF04079273BF11F00E61D7F /* NotificationsController.swift in Sources */ = {isa = PBXBuildFile; fileRef = 7BF04078273BF11F00E61D7F /* NotificationsController.swift */; };
		7BF0407B273BF13000E61D7F /* SoundButton.swift in Sources */ = {isa = PBXBuildFile; fileRef = 7BF0407A273BF13000E61D7F /* SoundButton.swift */; };
		7BF0407D273BF14400E61D7F /* ViewCodable.swift in Sources */ = {isa = PBXBuildFile; fileRef = 7BF0407C273BF14400E61D7F /* ViewCodable.swift */; };
		7BF0407F273BF14E00E61D7F /* HomeSceneFactory.swift in Sources */ = {isa = PBXBuildFile; fileRef = 7BF0407E273BF14E00E61D7F /* HomeSceneFactory.swift */; };
		7BF04081273BF16100E61D7F /* HomeRouter.swift in Sources */ = {isa = PBXBuildFile; fileRef = 7BF04080273BF16100E61D7F /* HomeRouter.swift */; };
		7BF04083273BF17000E61D7F /* HomeView.swift in Sources */ = {isa = PBXBuildFile; fileRef = 7BF04082273BF17000E61D7F /* HomeView.swift */; };
		7BF04085273BF17D00E61D7F /* HomeViewController.swift in Sources */ = {isa = PBXBuildFile; fileRef = 7BF04084273BF17D00E61D7F /* HomeViewController.swift */; };
		7BF04087273BF37E00E61D7F /* OnboardingSceneFactory.swift in Sources */ = {isa = PBXBuildFile; fileRef = 7BF04086273BF37E00E61D7F /* OnboardingSceneFactory.swift */; };
		7BF04089273BF38A00E61D7F /* OnboardingRouter.swift in Sources */ = {isa = PBXBuildFile; fileRef = 7BF04088273BF38A00E61D7F /* OnboardingRouter.swift */; };
		7BF0408B273BF39100E61D7F /* OnboardingView.swift in Sources */ = {isa = PBXBuildFile; fileRef = 7BF0408A273BF39100E61D7F /* OnboardingView.swift */; };
		7BF0408D273BF3D400E61D7F /* OnboardingViewController.swift in Sources */ = {isa = PBXBuildFile; fileRef = 7BF0408C273BF3D400E61D7F /* OnboardingViewController.swift */; };
		7BF0408F273BF3E000E61D7F /* GameSceneFactory.swift in Sources */ = {isa = PBXBuildFile; fileRef = 7BF0408E273BF3E000E61D7F /* GameSceneFactory.swift */; };
		7BF04091273BF3F000E61D7F /* GameRouter.swift in Sources */ = {isa = PBXBuildFile; fileRef = 7BF04090273BF3F000E61D7F /* GameRouter.swift */; };
		7BF04093273BF3FC00E61D7F /* GameView.swift in Sources */ = {isa = PBXBuildFile; fileRef = 7BF04092273BF3FC00E61D7F /* GameView.swift */; };
		7BF04095273BF40300E61D7F /* Search+Gesture.swift in Sources */ = {isa = PBXBuildFile; fileRef = 7BF04094273BF40300E61D7F /* Search+Gesture.swift */; };
		7BF04097273BF42000E61D7F /* ResultSceneFactory.swift in Sources */ = {isa = PBXBuildFile; fileRef = 7BF04096273BF42000E61D7F /* ResultSceneFactory.swift */; };
		7BF04099273BF4D200E61D7F /* ResultRouter.swift in Sources */ = {isa = PBXBuildFile; fileRef = 7BF04098273BF4D200E61D7F /* ResultRouter.swift */; };
		7BF0409B273BF4DD00E61D7F /* ResultView.swift in Sources */ = {isa = PBXBuildFile; fileRef = 7BF0409A273BF4DD00E61D7F /* ResultView.swift */; };
		7BF0409D273BF4EA00E61D7F /* ResultViewController.swift in Sources */ = {isa = PBXBuildFile; fileRef = 7BF0409C273BF4EA00E61D7F /* ResultViewController.swift */; };
		D08DF7B27FEDCD9D448F4415 /* Pods_Formando_FormandoUITests.framework in Frameworks */ = {isa = PBXBuildFile; fileRef = 4AF1545F43AC53C6CE6026AE /* Pods_Formando_FormandoUITests.framework */; };
/* End PBXBuildFile section */

/* Begin PBXContainerItemProxy section */
		7B9C57F32738A4BA006C1979 /* PBXContainerItemProxy */ = {
			isa = PBXContainerItemProxy;
			containerPortal = 7B9C57D12738A4B8006C1979 /* Project object */;
			proxyType = 1;
			remoteGlobalIDString = 7B9C57D82738A4B8006C1979;
			remoteInfo = Formando;
		};
		7B9C57FD2738A4BA006C1979 /* PBXContainerItemProxy */ = {
			isa = PBXContainerItemProxy;
			containerPortal = 7B9C57D12738A4B8006C1979 /* Project object */;
			proxyType = 1;
			remoteGlobalIDString = 7B9C57D82738A4B8006C1979;
			remoteInfo = Formando;
		};
/* End PBXContainerItemProxy section */

/* Begin PBXFileReference section */
		07D6EE7FA99C9ADB0BA88D41 /* Pods-FormandoTests.debug.xcconfig */ = {isa = PBXFileReference; includeInIndex = 1; lastKnownFileType = text.xcconfig; name = "Pods-FormandoTests.debug.xcconfig"; path = "Target Support Files/Pods-FormandoTests/Pods-FormandoTests.debug.xcconfig"; sourceTree = "<group>"; };
		0DAF065C2E24D738407EECDE /* Pods-Formando-FormandoUITests.release.xcconfig */ = {isa = PBXFileReference; includeInIndex = 1; lastKnownFileType = text.xcconfig; name = "Pods-Formando-FormandoUITests.release.xcconfig"; path = "Target Support Files/Pods-Formando-FormandoUITests/Pods-Formando-FormandoUITests.release.xcconfig"; sourceTree = "<group>"; };
		1E03D0FE75C8CF8631DF830C /* Pods-Formando.debug.xcconfig */ = {isa = PBXFileReference; includeInIndex = 1; lastKnownFileType = text.xcconfig; name = "Pods-Formando.debug.xcconfig"; path = "Target Support Files/Pods-Formando/Pods-Formando.debug.xcconfig"; sourceTree = "<group>"; };
		263654DD27F0D77C00BD9B20 /* Pods_Formando.framework */ = {isa = PBXFileReference; explicitFileType = wrapper.framework; includeInIndex = 0; path = Pods_Formando.framework; sourceTree = BUILT_PRODUCTS_DIR; };
		4AF1545F43AC53C6CE6026AE /* Pods_Formando_FormandoUITests.framework */ = {isa = PBXFileReference; explicitFileType = wrapper.framework; includeInIndex = 0; path = Pods_Formando_FormandoUITests.framework; sourceTree = BUILT_PRODUCTS_DIR; };
		599C36687B47E656E4CE90D1 /* Pods-FormandoTests.release.xcconfig */ = {isa = PBXFileReference; includeInIndex = 1; lastKnownFileType = text.xcconfig; name = "Pods-FormandoTests.release.xcconfig"; path = "Target Support Files/Pods-FormandoTests/Pods-FormandoTests.release.xcconfig"; sourceTree = "<group>"; };
		599C392F052DD9DF18F78BB8 /* Pods_FormandoTests.framework */ = {isa = PBXFileReference; explicitFileType = wrapper.framework; includeInIndex = 0; path = Pods_FormandoTests.framework; sourceTree = BUILT_PRODUCTS_DIR; };
		7B9C57D92738A4B8006C1979 /* Formando.app */ = {isa = PBXFileReference; explicitFileType = wrapper.application; includeInIndex = 0; path = Formando.app; sourceTree = BUILT_PRODUCTS_DIR; };
		7B9C57DC2738A4B8006C1979 /* AppDelegate.swift */ = {isa = PBXFileReference; lastKnownFileType = sourcecode.swift; path = AppDelegate.swift; sourceTree = "<group>"; };
		7B9C57DE2738A4B8006C1979 /* SceneDelegate.swift */ = {isa = PBXFileReference; lastKnownFileType = sourcecode.swift; path = SceneDelegate.swift; sourceTree = "<group>"; };
		7B9C57E02738A4B8006C1979 /* ViewController.swift */ = {isa = PBXFileReference; lastKnownFileType = sourcecode.swift; path = ViewController.swift; sourceTree = "<group>"; };
		7B9C57E32738A4B8006C1979 /* Base */ = {isa = PBXFileReference; lastKnownFileType = file.storyboard; name = Base; path = Base.lproj/Main.storyboard; sourceTree = "<group>"; };
		7B9C57E62738A4B8006C1979 /* Formando.xcdatamodel */ = {isa = PBXFileReference; lastKnownFileType = wrapper.xcdatamodel; path = Formando.xcdatamodel; sourceTree = "<group>"; };
		7B9C57E82738A4B9006C1979 /* Assets.xcassets */ = {isa = PBXFileReference; lastKnownFileType = folder.assetcatalog; path = Assets.xcassets; sourceTree = "<group>"; };
		7B9C57EB2738A4B9006C1979 /* Base */ = {isa = PBXFileReference; lastKnownFileType = file.storyboard; name = Base; path = Base.lproj/LaunchScreen.storyboard; sourceTree = "<group>"; };
		7B9C57ED2738A4B9006C1979 /* Info.plist */ = {isa = PBXFileReference; lastKnownFileType = text.plist.xml; path = Info.plist; sourceTree = "<group>"; };
		7B9C57F22738A4BA006C1979 /* FormandoTests.xctest */ = {isa = PBXFileReference; explicitFileType = wrapper.cfbundle; includeInIndex = 0; path = FormandoTests.xctest; sourceTree = BUILT_PRODUCTS_DIR; };
		7B9C57F62738A4BA006C1979 /* FormandoTests.swift */ = {isa = PBXFileReference; lastKnownFileType = sourcecode.swift; path = FormandoTests.swift; sourceTree = "<group>"; };
		7B9C57FC2738A4BA006C1979 /* FormandoUITests.xctest */ = {isa = PBXFileReference; explicitFileType = wrapper.cfbundle; includeInIndex = 0; path = FormandoUITests.xctest; sourceTree = BUILT_PRODUCTS_DIR; };
		7B9C58002738A4BA006C1979 /* FormandoUITests.swift */ = {isa = PBXFileReference; lastKnownFileType = sourcecode.swift; path = FormandoUITests.swift; sourceTree = "<group>"; };
		7B9C58022738A4BA006C1979 /* FormandoUITestsLaunchTests.swift */ = {isa = PBXFileReference; lastKnownFileType = sourcecode.swift; path = FormandoUITestsLaunchTests.swift; sourceTree = "<group>"; };
		7BF04068273BF08E00E61D7F /* Animation.swift */ = {isa = PBXFileReference; lastKnownFileType = sourcecode.swift; path = Animation.swift; sourceTree = "<group>"; };
		7BF0406A273BF09D00E61D7F /* MainRouter.swift */ = {isa = PBXFileReference; lastKnownFileType = sourcecode.swift; path = MainRouter.swift; sourceTree = "<group>"; };
		7BF0406C273BF0AA00E61D7F /* Fonts.swift */ = {isa = PBXFileReference; lastKnownFileType = sourcecode.swift; path = Fonts.swift; sourceTree = "<group>"; };
		7BF0406E273BF0C100E61D7F /* CGPoint.swift */ = {isa = PBXFileReference; lastKnownFileType = sourcecode.swift; path = CGPoint.swift; sourceTree = "<group>"; };
		7BF04070273BF0D900E61D7F /* LocalizableBundle.swift */ = {isa = PBXFileReference; lastKnownFileType = sourcecode.swift; path = LocalizableBundle.swift; sourceTree = "<group>"; };
		7BF04072273BF0E100E61D7F /* JsonAnimations.swift */ = {isa = PBXFileReference; lastKnownFileType = sourcecode.swift; path = JsonAnimations.swift; sourceTree = "<group>"; };
		7BF04074273BF10100E61D7F /* ARModel.swift */ = {isa = PBXFileReference; lastKnownFileType = sourcecode.swift; path = ARModel.swift; sourceTree = "<group>"; };
		7BF04076273BF10900E61D7F /* ReportProtocol.swift */ = {isa = PBXFileReference; lastKnownFileType = sourcecode.swift; path = ReportProtocol.swift; sourceTree = "<group>"; };
		7BF04078273BF11F00E61D7F /* NotificationsController.swift */ = {isa = PBXFileReference; lastKnownFileType = sourcecode.swift; path = NotificationsController.swift; sourceTree = "<group>"; };
		7BF0407A273BF13000E61D7F /* SoundButton.swift */ = {isa = PBXFileReference; lastKnownFileType = sourcecode.swift; path = SoundButton.swift; sourceTree = "<group>"; };
		7BF0407C273BF14400E61D7F /* ViewCodable.swift */ = {isa = PBXFileReference; lastKnownFileType = sourcecode.swift; path = ViewCodable.swift; sourceTree = "<group>"; };
		7BF0407E273BF14E00E61D7F /* HomeSceneFactory.swift */ = {isa = PBXFileReference; lastKnownFileType = sourcecode.swift; path = HomeSceneFactory.swift; sourceTree = "<group>"; };
		7BF04080273BF16100E61D7F /* HomeRouter.swift */ = {isa = PBXFileReference; lastKnownFileType = sourcecode.swift; path = HomeRouter.swift; sourceTree = "<group>"; };
		7BF04082273BF17000E61D7F /* HomeView.swift */ = {isa = PBXFileReference; lastKnownFileType = sourcecode.swift; path = HomeView.swift; sourceTree = "<group>"; };
		7BF04084273BF17D00E61D7F /* HomeViewController.swift */ = {isa = PBXFileReference; lastKnownFileType = sourcecode.swift; path = HomeViewController.swift; sourceTree = "<group>"; };
		7BF04086273BF37E00E61D7F /* OnboardingSceneFactory.swift */ = {isa = PBXFileReference; lastKnownFileType = sourcecode.swift; path = OnboardingSceneFactory.swift; sourceTree = "<group>"; };
		7BF04088273BF38A00E61D7F /* OnboardingRouter.swift */ = {isa = PBXFileReference; lastKnownFileType = sourcecode.swift; path = OnboardingRouter.swift; sourceTree = "<group>"; };
		7BF0408A273BF39100E61D7F /* OnboardingView.swift */ = {isa = PBXFileReference; lastKnownFileType = sourcecode.swift; path = OnboardingView.swift; sourceTree = "<group>"; };
		7BF0408C273BF3D400E61D7F /* OnboardingViewController.swift */ = {isa = PBXFileReference; lastKnownFileType = sourcecode.swift; path = OnboardingViewController.swift; sourceTree = "<group>"; };
		7BF0408E273BF3E000E61D7F /* GameSceneFactory.swift */ = {isa = PBXFileReference; lastKnownFileType = sourcecode.swift; path = GameSceneFactory.swift; sourceTree = "<group>"; };
		7BF04090273BF3F000E61D7F /* GameRouter.swift */ = {isa = PBXFileReference; lastKnownFileType = sourcecode.swift; path = GameRouter.swift; sourceTree = "<group>"; };
		7BF04092273BF3FC00E61D7F /* GameView.swift */ = {isa = PBXFileReference; lastKnownFileType = sourcecode.swift; path = GameView.swift; sourceTree = "<group>"; };
		7BF04094273BF40300E61D7F /* Search+Gesture.swift */ = {isa = PBXFileReference; lastKnownFileType = sourcecode.swift; path = "Search+Gesture.swift"; sourceTree = "<group>"; };
		7BF04096273BF42000E61D7F /* ResultSceneFactory.swift */ = {isa = PBXFileReference; lastKnownFileType = sourcecode.swift; path = ResultSceneFactory.swift; sourceTree = "<group>"; };
		7BF04098273BF4D200E61D7F /* ResultRouter.swift */ = {isa = PBXFileReference; lastKnownFileType = sourcecode.swift; path = ResultRouter.swift; sourceTree = "<group>"; };
		7BF0409A273BF4DD00E61D7F /* ResultView.swift */ = {isa = PBXFileReference; lastKnownFileType = sourcecode.swift; path = ResultView.swift; sourceTree = "<group>"; };
		7BF0409C273BF4EA00E61D7F /* ResultViewController.swift */ = {isa = PBXFileReference; lastKnownFileType = sourcecode.swift; path = ResultViewController.swift; sourceTree = "<group>"; };
		A3F9E78E756085699228C3AB /* Pods-Formando-FormandoUITests.debug.xcconfig */ = {isa = PBXFileReference; includeInIndex = 1; lastKnownFileType = text.xcconfig; name = "Pods-Formando-FormandoUITests.debug.xcconfig"; path = "Target Support Files/Pods-Formando-FormandoUITests/Pods-Formando-FormandoUITests.debug.xcconfig"; sourceTree = "<group>"; };
		BD1140A73E710DEA6AB52BB3 /* Pods-Formando.release.xcconfig */ = {isa = PBXFileReference; includeInIndex = 1; lastKnownFileType = text.xcconfig; name = "Pods-Formando.release.xcconfig"; path = "Target Support Files/Pods-Formando/Pods-Formando.release.xcconfig"; sourceTree = "<group>"; };
/* End PBXFileReference section */

/* Begin PBXFrameworksBuildPhase section */
		7B9C57D62738A4B8006C1979 /* Frameworks */ = {
			isa = PBXFrameworksBuildPhase;
			buildActionMask = 2147483647;
			files = (
				7B06D395273D45BA003689DC /* Lottie in Frameworks */,
				7B06D398273D45D6003689DC /* SoundsKit in Frameworks */,
			);
			runOnlyForDeploymentPostprocessing = 0;
		};
		7B9C57EF2738A4BA006C1979 /* Frameworks */ = {
			isa = PBXFrameworksBuildPhase;
			buildActionMask = 2147483647;
			files = (
				525A7525CBA4F5110B6ED7EF /* Pods_FormandoTests.framework in Frameworks */,
			);
			runOnlyForDeploymentPostprocessing = 0;
		};
		7B9C57F92738A4BA006C1979 /* Frameworks */ = {
			isa = PBXFrameworksBuildPhase;
			buildActionMask = 2147483647;
			files = (
				D08DF7B27FEDCD9D448F4415 /* Pods_Formando_FormandoUITests.framework in Frameworks */,
			);
			runOnlyForDeploymentPostprocessing = 0;
		};
/* End PBXFrameworksBuildPhase section */

/* Begin PBXGroup section */
		777601C2D02473BF1A8A15AB /* Frameworks */ = {
			isa = PBXGroup;
			children = (
				263654DD27F0D77C00BD9B20 /* Pods_Formando.framework */,
				4AF1545F43AC53C6CE6026AE /* Pods_Formando_FormandoUITests.framework */,
				599C392F052DD9DF18F78BB8 /* Pods_FormandoTests.framework */,
			);
			name = Frameworks;
			sourceTree = "<group>";
		};
		7B9C57D02738A4B8006C1979 = {
			isa = PBXGroup;
			children = (
				7B9C57DB2738A4B8006C1979 /* Formando */,
				7B9C57F52738A4BA006C1979 /* FormandoTests */,
				7B9C57FF2738A4BA006C1979 /* FormandoUITests */,
				7B9C57DA2738A4B8006C1979 /* Products */,
				B08F3D955025A1B445A0F9B7 /* Pods */,
				777601C2D02473BF1A8A15AB /* Frameworks */,
			);
			sourceTree = "<group>";
		};
		7B9C57DA2738A4B8006C1979 /* Products */ = {
			isa = PBXGroup;
			children = (
				7B9C57D92738A4B8006C1979 /* Formando.app */,
				7B9C57F22738A4BA006C1979 /* FormandoTests.xctest */,
				7B9C57FC2738A4BA006C1979 /* FormandoUITests.xctest */,
			);
			name = Products;
			sourceTree = "<group>";
		};
		7B9C57DB2738A4B8006C1979 /* Formando */ = {
			isa = PBXGroup;
			children = (
				7B9C58642738A8D7006C1979 /* Shared */,
				7B9C58572738A850006C1979 /* Utils */,
				7B9C58502738A815006C1979 /* Model */,
				7B9C584B2738A7DD006C1979 /* Controller */,
				7B9C58462738A7A5006C1979 /* View */,
				7B9C58432738A768006C1979 /* Protocol */,
				7B9C582A2738A67F006C1979 /* Home */,
				7B9C58292738A66E006C1979 /* Onboarding */,
				7B9C581C2738A5FE006C1979 /* Game */,
				7B9C580F2738A52A006C1979 /* Result */,
				7B9C57E02738A4B8006C1979 /* ViewController.swift */,
				7B9C57E22738A4B8006C1979 /* Main.storyboard */,
				7B9C57E82738A4B9006C1979 /* Assets.xcassets */,
				7B9C57ED2738A4B9006C1979 /* Info.plist */,
				7B9C57E52738A4B8006C1979 /* Formando.xcdatamodeld */,
			);
			path = Formando;
			sourceTree = "<group>";
		};
		7B9C57F52738A4BA006C1979 /* FormandoTests */ = {
			isa = PBXGroup;
			children = (
				7B9C57F62738A4BA006C1979 /* FormandoTests.swift */,
			);
			path = FormandoTests;
			sourceTree = "<group>";
		};
		7B9C57FF2738A4BA006C1979 /* FormandoUITests */ = {
			isa = PBXGroup;
			children = (
				7B9C58002738A4BA006C1979 /* FormandoUITests.swift */,
				7B9C58022738A4BA006C1979 /* FormandoUITestsLaunchTests.swift */,
			);
			path = FormandoUITests;
			sourceTree = "<group>";
		};
		7B9C580F2738A52A006C1979 /* Result */ = {
			isa = PBXGroup;
			children = (
				7B9C58192738A5B4006C1979 /* SceneFactory */,
				7B9C58162738A597006C1979 /* Router */,
				7B9C58112738A54B006C1979 /* View */,
				7B9C58102738A53C006C1979 /* ViewController */,
			);
			path = Result;
			sourceTree = "<group>";
		};
		7B9C58102738A53C006C1979 /* ViewController */ = {
			isa = PBXGroup;
			children = (
				7BF0409C273BF4EA00E61D7F /* ResultViewController.swift */,
			);
			path = ViewController;
			sourceTree = "<group>";
		};
		7B9C58112738A54B006C1979 /* View */ = {
			isa = PBXGroup;
			children = (
				7BF0409A273BF4DD00E61D7F /* ResultView.swift */,
			);
			path = View;
			sourceTree = "<group>";
		};
		7B9C58162738A597006C1979 /* Router */ = {
			isa = PBXGroup;
			children = (
				7BF04098273BF4D200E61D7F /* ResultRouter.swift */,
			);
			path = Router;
			sourceTree = "<group>";
		};
		7B9C58192738A5B4006C1979 /* SceneFactory */ = {
			isa = PBXGroup;
			children = (
				7BF04096273BF42000E61D7F /* ResultSceneFactory.swift */,
			);
			path = SceneFactory;
			sourceTree = "<group>";
		};
		7B9C581C2738A5FE006C1979 /* Game */ = {
			isa = PBXGroup;
			children = (
				7B9C58202738A62B006C1979 /* SceneFactory */,
				7B9C581F2738A622006C1979 /* Router */,
				7B9C581E2738A61A006C1979 /* View */,
				7B9C581D2738A60D006C1979 /* ViewController */,
			);
			path = Game;
			sourceTree = "<group>";
		};
		7B9C581D2738A60D006C1979 /* ViewController */ = {
			isa = PBXGroup;
			children = (
				7BF04094273BF40300E61D7F /* Search+Gesture.swift */,
			);
			path = ViewController;
			sourceTree = "<group>";
		};
		7B9C581E2738A61A006C1979 /* View */ = {
			isa = PBXGroup;
			children = (
				7BF04092273BF3FC00E61D7F /* GameView.swift */,
			);
			path = View;
			sourceTree = "<group>";
		};
		7B9C581F2738A622006C1979 /* Router */ = {
			isa = PBXGroup;
			children = (
				7BF04090273BF3F000E61D7F /* GameRouter.swift */,
			);
			path = Router;
			sourceTree = "<group>";
		};
		7B9C58202738A62B006C1979 /* SceneFactory */ = {
			isa = PBXGroup;
			children = (
				7BF0408E273BF3E000E61D7F /* GameSceneFactory.swift */,
			);
			path = SceneFactory;
			sourceTree = "<group>";
		};
		7B9C58292738A66E006C1979 /* Onboarding */ = {
			isa = PBXGroup;
			children = (
				7B9C58342738A6C8006C1979 /* SceneFactory */,
				7B9C582D2738A698006C1979 /* Router */,
				7B9C582C2738A68F006C1979 /* View */,
				7B9C582B2738A684006C1979 /* ViewController */,
			);
			path = Onboarding;
			sourceTree = "<group>";
		};
		7B9C582A2738A67F006C1979 /* Home */ = {
			isa = PBXGroup;
			children = (
				7B9C58402738A74F006C1979 /* SceneFactory */,
				7B9C583B2738A701006C1979 /* Router */,
				7B9C58382738A6ED006C1979 /* View */,
				7B9C58372738A6E2006C1979 /* ViewController */,
			);
			path = Home;
			sourceTree = "<group>";
		};
		7B9C582B2738A684006C1979 /* ViewController */ = {
			isa = PBXGroup;
			children = (
				7BF0408C273BF3D400E61D7F /* OnboardingViewController.swift */,
			);
			path = ViewController;
			sourceTree = "<group>";
		};
		7B9C582C2738A68F006C1979 /* View */ = {
			isa = PBXGroup;
			children = (
				7BF0408A273BF39100E61D7F /* OnboardingView.swift */,
			);
			path = View;
			sourceTree = "<group>";
		};
		7B9C582D2738A698006C1979 /* Router */ = {
			isa = PBXGroup;
			children = (
				7BF04088273BF38A00E61D7F /* OnboardingRouter.swift */,
			);
			path = Router;
			sourceTree = "<group>";
		};
		7B9C58342738A6C8006C1979 /* SceneFactory */ = {
			isa = PBXGroup;
			children = (
				7BF04086273BF37E00E61D7F /* OnboardingSceneFactory.swift */,
			);
			path = SceneFactory;
			sourceTree = "<group>";
		};
		7B9C58372738A6E2006C1979 /* ViewController */ = {
			isa = PBXGroup;
			children = (
				7BF04084273BF17D00E61D7F /* HomeViewController.swift */,
			);
			path = ViewController;
			sourceTree = "<group>";
		};
		7B9C58382738A6ED006C1979 /* View */ = {
			isa = PBXGroup;
			children = (
				7BF04082273BF17000E61D7F /* HomeView.swift */,
			);
			path = View;
			sourceTree = "<group>";
		};
		7B9C583B2738A701006C1979 /* Router */ = {
			isa = PBXGroup;
			children = (
				7BF04080273BF16100E61D7F /* HomeRouter.swift */,
			);
			path = Router;
			sourceTree = "<group>";
		};
		7B9C58402738A74F006C1979 /* SceneFactory */ = {
			isa = PBXGroup;
			children = (
				7BF0407E273BF14E00E61D7F /* HomeSceneFactory.swift */,
			);
			path = SceneFactory;
			sourceTree = "<group>";
		};
		7B9C58432738A768006C1979 /* Protocol */ = {
			isa = PBXGroup;
			children = (
				7BF0407C273BF14400E61D7F /* ViewCodable.swift */,
			);
			path = Protocol;
			sourceTree = "<group>";
		};
		7B9C58462738A7A5006C1979 /* View */ = {
			isa = PBXGroup;
			children = (
				7B9C58482738A7BF006C1979 /* Shared */,
				7B9C58472738A7AC006C1979 /* LauchScreen */,
			);
			path = View;
			sourceTree = "<group>";
		};
		7B9C58472738A7AC006C1979 /* LauchScreen */ = {
			isa = PBXGroup;
			children = (
				7B9C57EA2738A4B9006C1979 /* LaunchScreen.storyboard */,
			);
			path = LauchScreen;
			sourceTree = "<group>";
		};
		7B9C58482738A7BF006C1979 /* Shared */ = {
			isa = PBXGroup;
			children = (
				7BF0407A273BF13000E61D7F /* SoundButton.swift */,
			);
			path = Shared;
			sourceTree = "<group>";
		};
		7B9C584B2738A7DD006C1979 /* Controller */ = {
			isa = PBXGroup;
			children = (
				7B9C584C2738A7F6006C1979 /* Notifications */,
			);
			path = Controller;
			sourceTree = "<group>";
		};
		7B9C584C2738A7F6006C1979 /* Notifications */ = {
			isa = PBXGroup;
			children = (
				7BF04078273BF11F00E61D7F /* NotificationsController.swift */,
			);
			path = Notifications;
			sourceTree = "<group>";
		};
		7B9C58502738A815006C1979 /* Model */ = {
			isa = PBXGroup;
			children = (
				7B9C58522738A82B006C1979 /* Entities */,
				7B9C58512738A81E006C1979 /* Repository */,
			);
			path = Model;
			sourceTree = "<group>";
		};
		7B9C58512738A81E006C1979 /* Repository */ = {
			isa = PBXGroup;
			children = (
				7BF04076273BF10900E61D7F /* ReportProtocol.swift */,
			);
			path = Repository;
			sourceTree = "<group>";
		};
		7B9C58522738A82B006C1979 /* Entities */ = {
			isa = PBXGroup;
			children = (
				7BF04074273BF10100E61D7F /* ARModel.swift */,
			);
			path = Entities;
			sourceTree = "<group>";
		};
		7B9C58572738A850006C1979 /* Utils */ = {
			isa = PBXGroup;
			children = (
				7B9C585F2738A895006C1979 /* Fonts */,
				7B9C585E2738A888006C1979 /* Extensions */,
				7B9C58592738A863006C1979 /* LocalNotifications */,
				7B9C58582738A85A006C1979 /* Strings */,
			);
			path = Utils;
			sourceTree = "<group>";
		};
		7B9C58582738A85A006C1979 /* Strings */ = {
			isa = PBXGroup;
			children = (
				7BF04072273BF0E100E61D7F /* JsonAnimations.swift */,
			);
			path = Strings;
			sourceTree = "<group>";
		};
		7B9C58592738A863006C1979 /* LocalNotifications */ = {
			isa = PBXGroup;
			children = (
				7BF04070273BF0D900E61D7F /* LocalizableBundle.swift */,
			);
			path = LocalNotifications;
			sourceTree = "<group>";
		};
		7B9C585E2738A888006C1979 /* Extensions */ = {
			isa = PBXGroup;
			children = (
				7BF0406E273BF0C100E61D7F /* CGPoint.swift */,
			);
			path = Extensions;
			sourceTree = "<group>";
		};
		7B9C585F2738A895006C1979 /* Fonts */ = {
			isa = PBXGroup;
			children = (
				7BF0406C273BF0AA00E61D7F /* Fonts.swift */,
			);
			path = Fonts;
			sourceTree = "<group>";
		};
		7B9C58642738A8D7006C1979 /* Shared */ = {
			isa = PBXGroup;
			children = (
				7B9C58662738A917006C1979 /* Animation */,
				7B9C58652738A90F006C1979 /* Router */,
				7B9C57DC2738A4B8006C1979 /* AppDelegate.swift */,
				7B9C57DE2738A4B8006C1979 /* SceneDelegate.swift */,
			);
			path = Shared;
			sourceTree = "<group>";
		};
		7B9C58652738A90F006C1979 /* Router */ = {
			isa = PBXGroup;
			children = (
				7BF0406A273BF09D00E61D7F /* MainRouter.swift */,
			);
			path = Router;
			sourceTree = "<group>";
		};
		7B9C58662738A917006C1979 /* Animation */ = {
			isa = PBXGroup;
			children = (
				7BF04068273BF08E00E61D7F /* Animation.swift */,
			);
			path = Animation;
			sourceTree = "<group>";
		};
		B08F3D955025A1B445A0F9B7 /* Pods */ = {
			isa = PBXGroup;
			children = (
				1E03D0FE75C8CF8631DF830C /* Pods-Formando.debug.xcconfig */,
				BD1140A73E710DEA6AB52BB3 /* Pods-Formando.release.xcconfig */,
				A3F9E78E756085699228C3AB /* Pods-Formando-FormandoUITests.debug.xcconfig */,
				0DAF065C2E24D738407EECDE /* Pods-Formando-FormandoUITests.release.xcconfig */,
				07D6EE7FA99C9ADB0BA88D41 /* Pods-FormandoTests.debug.xcconfig */,
				599C36687B47E656E4CE90D1 /* Pods-FormandoTests.release.xcconfig */,
			);
			path = Pods;
			sourceTree = "<group>";
		};
/* End PBXGroup section */

/* Begin PBXNativeTarget section */
		7B9C57D82738A4B8006C1979 /* Formando */ = {
			isa = PBXNativeTarget;
			buildConfigurationList = 7B9C58062738A4BA006C1979 /* Build configuration list for PBXNativeTarget "Formando" */;
			buildPhases = (
				96F0716DBFDE39602E807E83 /* [CP] Check Pods Manifest.lock */,
				7B9C57D52738A4B8006C1979 /* Sources */,
				7B9C57D62738A4B8006C1979 /* Frameworks */,
				7B9C57D72738A4B8006C1979 /* Resources */,
				7B06D399273D45EE003689DC /* ShellScript */,
			);
			buildRules = (
			);
			dependencies = (
			);
			name = Formando;
			packageProductDependencies = (
				7B06D394273D45BA003689DC /* Lottie */,
				7B06D397273D45D6003689DC /* SoundsKit */,
			);
			productName = Formando;
			productReference = 7B9C57D92738A4B8006C1979 /* Formando.app */;
			productType = "com.apple.product-type.application";
		};
		7B9C57F12738A4BA006C1979 /* FormandoTests */ = {
			isa = PBXNativeTarget;
			buildConfigurationList = 7B9C58092738A4BA006C1979 /* Build configuration list for PBXNativeTarget "FormandoTests" */;
			buildPhases = (
				3E48C8002C611BBD09CA94EF /* [CP] Check Pods Manifest.lock */,
				7B9C57EE2738A4BA006C1979 /* Sources */,
				7B9C57EF2738A4BA006C1979 /* Frameworks */,
				7B9C57F02738A4BA006C1979 /* Resources */,
			);
			buildRules = (
			);
			dependencies = (
				7B9C57F42738A4BA006C1979 /* PBXTargetDependency */,
			);
			name = FormandoTests;
			productName = FormandoTests;
			productReference = 7B9C57F22738A4BA006C1979 /* FormandoTests.xctest */;
			productType = "com.apple.product-type.bundle.unit-test";
		};
		7B9C57FB2738A4BA006C1979 /* FormandoUITests */ = {
			isa = PBXNativeTarget;
			buildConfigurationList = 7B9C580C2738A4BA006C1979 /* Build configuration list for PBXNativeTarget "FormandoUITests" */;
			buildPhases = (
				32C29666427D482F7998237B /* [CP] Check Pods Manifest.lock */,
				7B9C57F82738A4BA006C1979 /* Sources */,
				7B9C57F92738A4BA006C1979 /* Frameworks */,
				7B9C57FA2738A4BA006C1979 /* Resources */,
			);
			buildRules = (
			);
			dependencies = (
				7B9C57FE2738A4BA006C1979 /* PBXTargetDependency */,
			);
			name = FormandoUITests;
			productName = FormandoUITests;
			productReference = 7B9C57FC2738A4BA006C1979 /* FormandoUITests.xctest */;
			productType = "com.apple.product-type.bundle.ui-testing";
		};
/* End PBXNativeTarget section */

/* Begin PBXProject section */
		7B9C57D12738A4B8006C1979 /* Project object */ = {
			isa = PBXProject;
			attributes = {
				BuildIndependentTargetsInParallel = 1;
				LastSwiftUpdateCheck = 1310;
				LastUpgradeCheck = 1310;
				TargetAttributes = {
					7B9C57D82738A4B8006C1979 = {
						CreatedOnToolsVersion = 13.1;
					};
					7B9C57F12738A4BA006C1979 = {
						CreatedOnToolsVersion = 13.1;
						TestTargetID = 7B9C57D82738A4B8006C1979;
					};
					7B9C57FB2738A4BA006C1979 = {
						CreatedOnToolsVersion = 13.1;
						TestTargetID = 7B9C57D82738A4B8006C1979;
					};
				};
			};
			buildConfigurationList = 7B9C57D42738A4B8006C1979 /* Build configuration list for PBXProject "Formando" */;
			compatibilityVersion = "Xcode 13.0";
			developmentRegion = en;
			hasScannedForEncodings = 0;
			knownRegions = (
				en,
				Base,
			);
			mainGroup = 7B9C57D02738A4B8006C1979;
			packageReferences = (
				7B06D393273D45B9003689DC /* XCRemoteSwiftPackageReference "lottie-ios" */,
				7B06D396273D45D6003689DC /* XCRemoteSwiftPackageReference "SoundsKit" */,
			);
			productRefGroup = 7B9C57DA2738A4B8006C1979 /* Products */;
			projectDirPath = "";
			projectRoot = "";
			targets = (
				7B9C57D82738A4B8006C1979 /* Formando */,
				7B9C57F12738A4BA006C1979 /* FormandoTests */,
				7B9C57FB2738A4BA006C1979 /* FormandoUITests */,
			);
		};
/* End PBXProject section */

/* Begin PBXResourcesBuildPhase section */
		7B9C57D72738A4B8006C1979 /* Resources */ = {
			isa = PBXResourcesBuildPhase;
			buildActionMask = 2147483647;
			files = (
				7B2DA104273BF9CC004CF6BD /* LaunchScreen.storyboard in Resources */,
				7B9C57E92738A4B9006C1979 /* Assets.xcassets in Resources */,
				7B9C57E42738A4B8006C1979 /* Main.storyboard in Resources */,
			);
			runOnlyForDeploymentPostprocessing = 0;
		};
		7B9C57F02738A4BA006C1979 /* Resources */ = {
			isa = PBXResourcesBuildPhase;
			buildActionMask = 2147483647;
			files = (
			);
			runOnlyForDeploymentPostprocessing = 0;
		};
		7B9C57FA2738A4BA006C1979 /* Resources */ = {
			isa = PBXResourcesBuildPhase;
			buildActionMask = 2147483647;
			files = (
			);
			runOnlyForDeploymentPostprocessing = 0;
		};
/* End PBXResourcesBuildPhase section */

/* Begin PBXShellScriptBuildPhase section */
		32C29666427D482F7998237B /* [CP] Check Pods Manifest.lock */ = {
			isa = PBXShellScriptBuildPhase;
			buildActionMask = 2147483647;
			files = (
			);
			inputFileListPaths = (
			);
			inputPaths = (
				"${PODS_PODFILE_DIR_PATH}/Podfile.lock",
				"${PODS_ROOT}/Manifest.lock",
			);
			name = "[CP] Check Pods Manifest.lock";
			outputFileListPaths = (
			);
			outputPaths = (
				"$(DERIVED_FILE_DIR)/Pods-Formando-FormandoUITests-checkManifestLockResult.txt",
			);
			runOnlyForDeploymentPostprocessing = 0;
			shellPath = /bin/sh;
			shellScript = "diff \"${PODS_PODFILE_DIR_PATH}/Podfile.lock\" \"${PODS_ROOT}/Manifest.lock\" > /dev/null\nif [ $? != 0 ] ; then\n    # print error to STDERR\n    echo \"error: The sandbox is not in sync with the Podfile.lock. Run 'pod install' or update your CocoaPods installation.\" >&2\n    exit 1\nfi\n# This output is used by Xcode 'outputs' to avoid re-running this script phase.\necho \"SUCCESS\" > \"${SCRIPT_OUTPUT_FILE_0}\"\n";
			showEnvVarsInLog = 0;
		};
		3E48C8002C611BBD09CA94EF /* [CP] Check Pods Manifest.lock */ = {
			isa = PBXShellScriptBuildPhase;
			buildActionMask = 2147483647;
			files = (
			);
			inputFileListPaths = (
			);
			inputPaths = (
				"${PODS_PODFILE_DIR_PATH}/Podfile.lock",
				"${PODS_ROOT}/Manifest.lock",
			);
			name = "[CP] Check Pods Manifest.lock";
			outputFileListPaths = (
			);
			outputPaths = (
				"$(DERIVED_FILE_DIR)/Pods-FormandoTests-checkManifestLockResult.txt",
			);
			runOnlyForDeploymentPostprocessing = 0;
			shellPath = /bin/sh;
			shellScript = "diff \"${PODS_PODFILE_DIR_PATH}/Podfile.lock\" \"${PODS_ROOT}/Manifest.lock\" > /dev/null\nif [ $? != 0 ] ; then\n    # print error to STDERR\n    echo \"error: The sandbox is not in sync with the Podfile.lock. Run 'pod install' or update your CocoaPods installation.\" >&2\n    exit 1\nfi\n# This output is used by Xcode 'outputs' to avoid re-running this script phase.\necho \"SUCCESS\" > \"${SCRIPT_OUTPUT_FILE_0}\"\n";
			showEnvVarsInLog = 0;
		};
		7B06D399273D45EE003689DC /* ShellScript */ = {
			isa = PBXShellScriptBuildPhase;
			buildActionMask = 2147483647;
			files = (
			);
			inputFileListPaths = (
			);
			inputPaths = (
			);
			outputFileListPaths = (
			);
			outputPaths = (
			);
			runOnlyForDeploymentPostprocessing = 0;
			shellPath = /bin/sh;
			shellScript = "if which swiftlint >/dev/null; then\n  swiftlint\nelse\n  echo \"warning: SwiftLint not installed, download from https://github.com/realm/SwiftLint\"\nfi\n";
		};
		96F0716DBFDE39602E807E83 /* [CP] Check Pods Manifest.lock */ = {
			isa = PBXShellScriptBuildPhase;
			buildActionMask = 2147483647;
			files = (
			);
			inputFileListPaths = (
			);
			inputPaths = (
				"${PODS_PODFILE_DIR_PATH}/Podfile.lock",
				"${PODS_ROOT}/Manifest.lock",
			);
			name = "[CP] Check Pods Manifest.lock";
			outputFileListPaths = (
			);
			outputPaths = (
				"$(DERIVED_FILE_DIR)/Pods-Formando-checkManifestLockResult.txt",
			);
			runOnlyForDeploymentPostprocessing = 0;
			shellPath = /bin/sh;
			shellScript = "diff \"${PODS_PODFILE_DIR_PATH}/Podfile.lock\" \"${PODS_ROOT}/Manifest.lock\" > /dev/null\nif [ $? != 0 ] ; then\n    # print error to STDERR\n    echo \"error: The sandbox is not in sync with the Podfile.lock. Run 'pod install' or update your CocoaPods installation.\" >&2\n    exit 1\nfi\n# This output is used by Xcode 'outputs' to avoid re-running this script phase.\necho \"SUCCESS\" > \"${SCRIPT_OUTPUT_FILE_0}\"\n";
			showEnvVarsInLog = 0;
		};
/* End PBXShellScriptBuildPhase section */

/* Begin PBXSourcesBuildPhase section */
		7B9C57D52738A4B8006C1979 /* Sources */ = {
			isa = PBXSourcesBuildPhase;
			buildActionMask = 2147483647;
			files = (
				7BF04091273BF3F000E61D7F /* GameRouter.swift in Sources */,
				7BF04069273BF08E00E61D7F /* Animation.swift in Sources */,
				7BF04077273BF10900E61D7F /* ReportProtocol.swift in Sources */,
				7BF0406B273BF09D00E61D7F /* MainRouter.swift in Sources */,
				7BF0406D273BF0AA00E61D7F /* Fonts.swift in Sources */,
				7BF04099273BF4D200E61D7F /* ResultRouter.swift in Sources */,
				7B9C57E12738A4B8006C1979 /* ViewController.swift in Sources */,
				7BF04087273BF37E00E61D7F /* OnboardingSceneFactory.swift in Sources */,
				7BF0409D273BF4EA00E61D7F /* ResultViewController.swift in Sources */,
				7BF0408D273BF3D400E61D7F /* OnboardingViewController.swift in Sources */,
				7BF0407F273BF14E00E61D7F /* HomeSceneFactory.swift in Sources */,
				7BF04097273BF42000E61D7F /* ResultSceneFactory.swift in Sources */,
				7B9C57DD2738A4B8006C1979 /* AppDelegate.swift in Sources */,
				7BF04083273BF17000E61D7F /* HomeView.swift in Sources */,
				7BF0408B273BF39100E61D7F /* OnboardingView.swift in Sources */,
				7BF04073273BF0E100E61D7F /* JsonAnimations.swift in Sources */,
				7BF0406F273BF0C100E61D7F /* CGPoint.swift in Sources */,
				7BF0408F273BF3E000E61D7F /* GameSceneFactory.swift in Sources */,
				7B9C57DF2738A4B8006C1979 /* SceneDelegate.swift in Sources */,
				7BF04095273BF40300E61D7F /* Search+Gesture.swift in Sources */,
				7BF0407B273BF13000E61D7F /* SoundButton.swift in Sources */,
				7BF04081273BF16100E61D7F /* HomeRouter.swift in Sources */,
				7BF0407D273BF14400E61D7F /* ViewCodable.swift in Sources */,
				7BF04071273BF0D900E61D7F /* LocalizableBundle.swift in Sources */,
				7BF04089273BF38A00E61D7F /* OnboardingRouter.swift in Sources */,
				7BF04079273BF11F00E61D7F /* NotificationsController.swift in Sources */,
				7BF0409B273BF4DD00E61D7F /* ResultView.swift in Sources */,
				7BF04075273BF10100E61D7F /* ARModel.swift in Sources */,
				7BF04093273BF3FC00E61D7F /* GameView.swift in Sources */,
				7BF04085273BF17D00E61D7F /* HomeViewController.swift in Sources */,
				7B9C57E72738A4B8006C1979 /* Formando.xcdatamodeld in Sources */,
			);
			runOnlyForDeploymentPostprocessing = 0;
		};
		7B9C57EE2738A4BA006C1979 /* Sources */ = {
			isa = PBXSourcesBuildPhase;
			buildActionMask = 2147483647;
			files = (
				7B9C57F72738A4BA006C1979 /* FormandoTests.swift in Sources */,
			);
			runOnlyForDeploymentPostprocessing = 0;
		};
		7B9C57F82738A4BA006C1979 /* Sources */ = {
			isa = PBXSourcesBuildPhase;
			buildActionMask = 2147483647;
			files = (
				7B9C58032738A4BA006C1979 /* FormandoUITestsLaunchTests.swift in Sources */,
				7B9C58012738A4BA006C1979 /* FormandoUITests.swift in Sources */,
			);
			runOnlyForDeploymentPostprocessing = 0;
		};
/* End PBXSourcesBuildPhase section */

/* Begin PBXTargetDependency section */
		7B9C57F42738A4BA006C1979 /* PBXTargetDependency */ = {
			isa = PBXTargetDependency;
			target = 7B9C57D82738A4B8006C1979 /* Formando */;
			targetProxy = 7B9C57F32738A4BA006C1979 /* PBXContainerItemProxy */;
		};
		7B9C57FE2738A4BA006C1979 /* PBXTargetDependency */ = {
			isa = PBXTargetDependency;
			target = 7B9C57D82738A4B8006C1979 /* Formando */;
			targetProxy = 7B9C57FD2738A4BA006C1979 /* PBXContainerItemProxy */;
		};
/* End PBXTargetDependency section */

/* Begin PBXVariantGroup section */
		7B9C57E22738A4B8006C1979 /* Main.storyboard */ = {
			isa = PBXVariantGroup;
			children = (
				7B9C57E32738A4B8006C1979 /* Base */,
			);
			name = Main.storyboard;
			sourceTree = "<group>";
		};
		7B9C57EA2738A4B9006C1979 /* LaunchScreen.storyboard */ = {
			isa = PBXVariantGroup;
			children = (
				7B9C57EB2738A4B9006C1979 /* Base */,
			);
			name = LaunchScreen.storyboard;
			sourceTree = "<group>";
		};
/* End PBXVariantGroup section */

/* Begin XCBuildConfiguration section */
		7B9C58042738A4BA006C1979 /* Debug */ = {
			isa = XCBuildConfiguration;
			buildSettings = {
				ALWAYS_SEARCH_USER_PATHS = NO;
				CLANG_ANALYZER_NONNULL = YES;
				CLANG_ANALYZER_NUMBER_OBJECT_CONVERSION = YES_AGGRESSIVE;
				CLANG_CXX_LANGUAGE_STANDARD = "gnu++17";
				CLANG_CXX_LIBRARY = "libc++";
				CLANG_ENABLE_MODULES = YES;
				CLANG_ENABLE_OBJC_ARC = YES;
				CLANG_ENABLE_OBJC_WEAK = YES;
				CLANG_WARN_BLOCK_CAPTURE_AUTORELEASING = YES;
				CLANG_WARN_BOOL_CONVERSION = YES;
				CLANG_WARN_COMMA = YES;
				CLANG_WARN_CONSTANT_CONVERSION = YES;
				CLANG_WARN_DEPRECATED_OBJC_IMPLEMENTATIONS = YES;
				CLANG_WARN_DIRECT_OBJC_ISA_USAGE = YES_ERROR;
				CLANG_WARN_DOCUMENTATION_COMMENTS = YES;
				CLANG_WARN_EMPTY_BODY = YES;
				CLANG_WARN_ENUM_CONVERSION = YES;
				CLANG_WARN_INFINITE_RECURSION = YES;
				CLANG_WARN_INT_CONVERSION = YES;
				CLANG_WARN_NON_LITERAL_NULL_CONVERSION = YES;
				CLANG_WARN_OBJC_IMPLICIT_RETAIN_SELF = YES;
				CLANG_WARN_OBJC_LITERAL_CONVERSION = YES;
				CLANG_WARN_OBJC_ROOT_CLASS = YES_ERROR;
				CLANG_WARN_QUOTED_INCLUDE_IN_FRAMEWORK_HEADER = YES;
				CLANG_WARN_RANGE_LOOP_ANALYSIS = YES;
				CLANG_WARN_STRICT_PROTOTYPES = YES;
				CLANG_WARN_SUSPICIOUS_MOVE = YES;
				CLANG_WARN_UNGUARDED_AVAILABILITY = YES_AGGRESSIVE;
				CLANG_WARN_UNREACHABLE_CODE = YES;
				CLANG_WARN__DUPLICATE_METHOD_MATCH = YES;
				COPY_PHASE_STRIP = NO;
				DEBUG_INFORMATION_FORMAT = dwarf;
				ENABLE_STRICT_OBJC_MSGSEND = YES;
				ENABLE_TESTABILITY = YES;
				GCC_C_LANGUAGE_STANDARD = gnu11;
				GCC_DYNAMIC_NO_PIC = NO;
				GCC_NO_COMMON_BLOCKS = YES;
				GCC_OPTIMIZATION_LEVEL = 0;
				GCC_PREPROCESSOR_DEFINITIONS = (
					"DEBUG=1",
					"$(inherited)",
				);
				GCC_WARN_64_TO_32_BIT_CONVERSION = YES;
				GCC_WARN_ABOUT_RETURN_TYPE = YES_ERROR;
				GCC_WARN_UNDECLARED_SELECTOR = YES;
				GCC_WARN_UNINITIALIZED_AUTOS = YES_AGGRESSIVE;
				GCC_WARN_UNUSED_FUNCTION = YES;
				GCC_WARN_UNUSED_VARIABLE = YES;
				IPHONEOS_DEPLOYMENT_TARGET = 13.0;
				MTL_ENABLE_DEBUG_INFO = INCLUDE_SOURCE;
				MTL_FAST_MATH = YES;
				ONLY_ACTIVE_ARCH = YES;
				SDKROOT = iphoneos;
				SWIFT_ACTIVE_COMPILATION_CONDITIONS = DEBUG;
				SWIFT_OPTIMIZATION_LEVEL = "-Onone";
			};
			name = Debug;
		};
		7B9C58052738A4BA006C1979 /* Release */ = {
			isa = XCBuildConfiguration;
			buildSettings = {
				ALWAYS_SEARCH_USER_PATHS = NO;
				CLANG_ANALYZER_NONNULL = YES;
				CLANG_ANALYZER_NUMBER_OBJECT_CONVERSION = YES_AGGRESSIVE;
				CLANG_CXX_LANGUAGE_STANDARD = "gnu++17";
				CLANG_CXX_LIBRARY = "libc++";
				CLANG_ENABLE_MODULES = YES;
				CLANG_ENABLE_OBJC_ARC = YES;
				CLANG_ENABLE_OBJC_WEAK = YES;
				CLANG_WARN_BLOCK_CAPTURE_AUTORELEASING = YES;
				CLANG_WARN_BOOL_CONVERSION = YES;
				CLANG_WARN_COMMA = YES;
				CLANG_WARN_CONSTANT_CONVERSION = YES;
				CLANG_WARN_DEPRECATED_OBJC_IMPLEMENTATIONS = YES;
				CLANG_WARN_DIRECT_OBJC_ISA_USAGE = YES_ERROR;
				CLANG_WARN_DOCUMENTATION_COMMENTS = YES;
				CLANG_WARN_EMPTY_BODY = YES;
				CLANG_WARN_ENUM_CONVERSION = YES;
				CLANG_WARN_INFINITE_RECURSION = YES;
				CLANG_WARN_INT_CONVERSION = YES;
				CLANG_WARN_NON_LITERAL_NULL_CONVERSION = YES;
				CLANG_WARN_OBJC_IMPLICIT_RETAIN_SELF = YES;
				CLANG_WARN_OBJC_LITERAL_CONVERSION = YES;
				CLANG_WARN_OBJC_ROOT_CLASS = YES_ERROR;
				CLANG_WARN_QUOTED_INCLUDE_IN_FRAMEWORK_HEADER = YES;
				CLANG_WARN_RANGE_LOOP_ANALYSIS = YES;
				CLANG_WARN_STRICT_PROTOTYPES = YES;
				CLANG_WARN_SUSPICIOUS_MOVE = YES;
				CLANG_WARN_UNGUARDED_AVAILABILITY = YES_AGGRESSIVE;
				CLANG_WARN_UNREACHABLE_CODE = YES;
				CLANG_WARN__DUPLICATE_METHOD_MATCH = YES;
				COPY_PHASE_STRIP = NO;
				DEBUG_INFORMATION_FORMAT = "dwarf-with-dsym";
				ENABLE_NS_ASSERTIONS = NO;
				ENABLE_STRICT_OBJC_MSGSEND = YES;
				GCC_C_LANGUAGE_STANDARD = gnu11;
				GCC_NO_COMMON_BLOCKS = YES;
				GCC_WARN_64_TO_32_BIT_CONVERSION = YES;
				GCC_WARN_ABOUT_RETURN_TYPE = YES_ERROR;
				GCC_WARN_UNDECLARED_SELECTOR = YES;
				GCC_WARN_UNINITIALIZED_AUTOS = YES_AGGRESSIVE;
				GCC_WARN_UNUSED_FUNCTION = YES;
				GCC_WARN_UNUSED_VARIABLE = YES;
				IPHONEOS_DEPLOYMENT_TARGET = 13.0;
				MTL_ENABLE_DEBUG_INFO = NO;
				MTL_FAST_MATH = YES;
				SDKROOT = iphoneos;
				SWIFT_COMPILATION_MODE = wholemodule;
				SWIFT_OPTIMIZATION_LEVEL = "-O";
				VALIDATE_PRODUCT = YES;
			};
			name = Release;
		};
		7B9C58072738A4BA006C1979 /* Debug */ = {
			isa = XCBuildConfiguration;
			baseConfigurationReference = 1E03D0FE75C8CF8631DF830C /* Pods-Formando.debug.xcconfig */;
			buildSettings = {
				ASSETCATALOG_COMPILER_APPICON_NAME = AppIcon;
				ASSETCATALOG_COMPILER_GLOBAL_ACCENT_COLOR_NAME = AccentColor;
				CODE_SIGN_STYLE = Automatic;
				CURRENT_PROJECT_VERSION = 1;
				DEVELOPMENT_TEAM = 937MK3AF6X;
				GENERATE_INFOPLIST_FILE = YES;
				INFOPLIST_FILE = Formando/Info.plist;
				INFOPLIST_KEY_UIApplicationSupportsIndirectInputEvents = YES;
				INFOPLIST_KEY_UILaunchStoryboardName = LaunchScreen;
				INFOPLIST_KEY_UIMainStoryboardFile = Main;
				INFOPLIST_KEY_UISupportedInterfaceOrientations_iPad = "UIInterfaceOrientationPortrait UIInterfaceOrientationPortraitUpsideDown UIInterfaceOrientationLandscapeLeft UIInterfaceOrientationLandscapeRight";
				INFOPLIST_KEY_UISupportedInterfaceOrientations_iPhone = "UIInterfaceOrientationPortrait UIInterfaceOrientationLandscapeLeft UIInterfaceOrientationLandscapeRight";
				LD_RUNPATH_SEARCH_PATHS = (
					"$(inherited)",
					"@executable_path/Frameworks",
				);
				MARKETING_VERSION = 1.0;
				PRODUCT_BUNDLE_IDENTIFIER = com.patriciasampaiosiqueira.Formando;
				PRODUCT_NAME = "$(TARGET_NAME)";
				SWIFT_EMIT_LOC_STRINGS = YES;
				SWIFT_VERSION = 5.0;
				TARGETED_DEVICE_FAMILY = "1,2";
			};
			name = Debug;
		};
		7B9C58082738A4BA006C1979 /* Release */ = {
			isa = XCBuildConfiguration;
			baseConfigurationReference = BD1140A73E710DEA6AB52BB3 /* Pods-Formando.release.xcconfig */;
			buildSettings = {
				ASSETCATALOG_COMPILER_APPICON_NAME = AppIcon;
				ASSETCATALOG_COMPILER_GLOBAL_ACCENT_COLOR_NAME = AccentColor;
				CODE_SIGN_STYLE = Automatic;
				CURRENT_PROJECT_VERSION = 1;
				DEVELOPMENT_TEAM = 937MK3AF6X;
				GENERATE_INFOPLIST_FILE = YES;
				INFOPLIST_FILE = Formando/Info.plist;
				INFOPLIST_KEY_UIApplicationSupportsIndirectInputEvents = YES;
				INFOPLIST_KEY_UILaunchStoryboardName = LaunchScreen;
				INFOPLIST_KEY_UIMainStoryboardFile = Main;
				INFOPLIST_KEY_UISupportedInterfaceOrientations_iPad = "UIInterfaceOrientationPortrait UIInterfaceOrientationPortraitUpsideDown UIInterfaceOrientationLandscapeLeft UIInterfaceOrientationLandscapeRight";
				INFOPLIST_KEY_UISupportedInterfaceOrientations_iPhone = "UIInterfaceOrientationPortrait UIInterfaceOrientationLandscapeLeft UIInterfaceOrientationLandscapeRight";
				LD_RUNPATH_SEARCH_PATHS = (
					"$(inherited)",
					"@executable_path/Frameworks",
				);
				MARKETING_VERSION = 1.0;
				PRODUCT_BUNDLE_IDENTIFIER = com.patriciasampaiosiqueira.Formando;
				PRODUCT_NAME = "$(TARGET_NAME)";
				SWIFT_EMIT_LOC_STRINGS = YES;
				SWIFT_VERSION = 5.0;
				TARGETED_DEVICE_FAMILY = "1,2";
			};
			name = Release;
		};
		7B9C580A2738A4BA006C1979 /* Debug */ = {
			isa = XCBuildConfiguration;
			baseConfigurationReference = 07D6EE7FA99C9ADB0BA88D41 /* Pods-FormandoTests.debug.xcconfig */;
			buildSettings = {
				ALWAYS_EMBED_SWIFT_STANDARD_LIBRARIES = YES;
				BUNDLE_LOADER = "$(TEST_HOST)";
				CODE_SIGN_STYLE = Automatic;
				CURRENT_PROJECT_VERSION = 1;
				DEVELOPMENT_TEAM = 937MK3AF6X;
				GENERATE_INFOPLIST_FILE = YES;
				IPHONEOS_DEPLOYMENT_TARGET = 15.0;
				LD_RUNPATH_SEARCH_PATHS = (
					"$(inherited)",
					"@executable_path/Frameworks",
					"@loader_path/Frameworks",
				);
				MARKETING_VERSION = 1.0;
				PRODUCT_BUNDLE_IDENTIFIER = com.patriciasampaiosiqueira.FormandoTests;
				PRODUCT_NAME = "$(TARGET_NAME)";
				SWIFT_EMIT_LOC_STRINGS = NO;
				SWIFT_VERSION = 5.0;
				TARGETED_DEVICE_FAMILY = "1,2";
				TEST_HOST = "$(BUILT_PRODUCTS_DIR)/Formando.app/Formando";
			};
			name = Debug;
		};
		7B9C580B2738A4BA006C1979 /* Release */ = {
			isa = XCBuildConfiguration;
			baseConfigurationReference = 599C36687B47E656E4CE90D1 /* Pods-FormandoTests.release.xcconfig */;
			buildSettings = {
				ALWAYS_EMBED_SWIFT_STANDARD_LIBRARIES = YES;
				BUNDLE_LOADER = "$(TEST_HOST)";
				CODE_SIGN_STYLE = Automatic;
				CURRENT_PROJECT_VERSION = 1;
				DEVELOPMENT_TEAM = 937MK3AF6X;
				GENERATE_INFOPLIST_FILE = YES;
				IPHONEOS_DEPLOYMENT_TARGET = 15.0;
				LD_RUNPATH_SEARCH_PATHS = (
					"$(inherited)",
					"@executable_path/Frameworks",
					"@loader_path/Frameworks",
				);
				MARKETING_VERSION = 1.0;
				PRODUCT_BUNDLE_IDENTIFIER = com.patriciasampaiosiqueira.FormandoTests;
				PRODUCT_NAME = "$(TARGET_NAME)";
				SWIFT_EMIT_LOC_STRINGS = NO;
				SWIFT_VERSION = 5.0;
				TARGETED_DEVICE_FAMILY = "1,2";
				TEST_HOST = "$(BUILT_PRODUCTS_DIR)/Formando.app/Formando";
			};
			name = Release;
		};
		7B9C580D2738A4BA006C1979 /* Debug */ = {
			isa = XCBuildConfiguration;
			baseConfigurationReference = A3F9E78E756085699228C3AB /* Pods-Formando-FormandoUITests.debug.xcconfig */;
			buildSettings = {
				ALWAYS_EMBED_SWIFT_STANDARD_LIBRARIES = YES;
				CODE_SIGN_STYLE = Automatic;
				CURRENT_PROJECT_VERSION = 1;
				DEVELOPMENT_TEAM = 937MK3AF6X;
				GENERATE_INFOPLIST_FILE = YES;
				LD_RUNPATH_SEARCH_PATHS = (
					"$(inherited)",
					"@executable_path/Frameworks",
					"@loader_path/Frameworks",
				);
				MARKETING_VERSION = 1.0;
				PRODUCT_BUNDLE_IDENTIFIER = com.patriciasampaiosiqueira.FormandoUITests;
				PRODUCT_NAME = "$(TARGET_NAME)";
				SWIFT_EMIT_LOC_STRINGS = NO;
				SWIFT_VERSION = 5.0;
				TARGETED_DEVICE_FAMILY = "1,2";
				TEST_TARGET_NAME = Formando;
			};
			name = Debug;
		};
		7B9C580E2738A4BA006C1979 /* Release */ = {
			isa = XCBuildConfiguration;
			baseConfigurationReference = 0DAF065C2E24D738407EECDE /* Pods-Formando-FormandoUITests.release.xcconfig */;
			buildSettings = {
				ALWAYS_EMBED_SWIFT_STANDARD_LIBRARIES = YES;
				CODE_SIGN_STYLE = Automatic;
				CURRENT_PROJECT_VERSION = 1;
				DEVELOPMENT_TEAM = 937MK3AF6X;
				GENERATE_INFOPLIST_FILE = YES;
				LD_RUNPATH_SEARCH_PATHS = (
					"$(inherited)",
					"@executable_path/Frameworks",
					"@loader_path/Frameworks",
				);
				MARKETING_VERSION = 1.0;
				PRODUCT_BUNDLE_IDENTIFIER = com.patriciasampaiosiqueira.FormandoUITests;
				PRODUCT_NAME = "$(TARGET_NAME)";
				SWIFT_EMIT_LOC_STRINGS = NO;
				SWIFT_VERSION = 5.0;
				TARGETED_DEVICE_FAMILY = "1,2";
				TEST_TARGET_NAME = Formando;
			};
			name = Release;
		};
/* End XCBuildConfiguration section */

/* Begin XCConfigurationList section */
		7B9C57D42738A4B8006C1979 /* Build configuration list for PBXProject "Formando" */ = {
			isa = XCConfigurationList;
			buildConfigurations = (
				7B9C58042738A4BA006C1979 /* Debug */,
				7B9C58052738A4BA006C1979 /* Release */,
			);
			defaultConfigurationIsVisible = 0;
			defaultConfigurationName = Release;
		};
		7B9C58062738A4BA006C1979 /* Build configuration list for PBXNativeTarget "Formando" */ = {
			isa = XCConfigurationList;
			buildConfigurations = (
				7B9C58072738A4BA006C1979 /* Debug */,
				7B9C58082738A4BA006C1979 /* Release */,
			);
			defaultConfigurationIsVisible = 0;
			defaultConfigurationName = Release;
		};
		7B9C58092738A4BA006C1979 /* Build configuration list for PBXNativeTarget "FormandoTests" */ = {
			isa = XCConfigurationList;
			buildConfigurations = (
				7B9C580A2738A4BA006C1979 /* Debug */,
				7B9C580B2738A4BA006C1979 /* Release */,
			);
			defaultConfigurationIsVisible = 0;
			defaultConfigurationName = Release;
		};
		7B9C580C2738A4BA006C1979 /* Build configuration list for PBXNativeTarget "FormandoUITests" */ = {
			isa = XCConfigurationList;
			buildConfigurations = (
				7B9C580D2738A4BA006C1979 /* Debug */,
				7B9C580E2738A4BA006C1979 /* Release */,
			);
			defaultConfigurationIsVisible = 0;
			defaultConfigurationName = Release;
		};
/* End XCConfigurationList section */

/* Begin XCRemoteSwiftPackageReference section */
		7B06D393273D45B9003689DC /* XCRemoteSwiftPackageReference "lottie-ios" */ = {
			isa = XCRemoteSwiftPackageReference;
			repositoryURL = "https://github.com/airbnb/lottie-ios";
			requirement = {
				branch = master;
				kind = branch;
			};
		};
		7B06D396273D45D6003689DC /* XCRemoteSwiftPackageReference "SoundsKit" */ = {
			isa = XCRemoteSwiftPackageReference;
			repositoryURL = "https://github.com/TeamLetrando/SoundsKit";
			requirement = {
				branch = main;
				kind = branch;
			};
		};
/* End XCRemoteSwiftPackageReference section */

/* Begin XCSwiftPackageProductDependency section */
		7B06D394273D45BA003689DC /* Lottie */ = {
			isa = XCSwiftPackageProductDependency;
			package = 7B06D393273D45B9003689DC /* XCRemoteSwiftPackageReference "lottie-ios" */;
			productName = Lottie;
		};
		7B06D397273D45D6003689DC /* SoundsKit */ = {
			isa = XCSwiftPackageProductDependency;
			package = 7B06D396273D45D6003689DC /* XCRemoteSwiftPackageReference "SoundsKit" */;
			productName = SoundsKit;
		};
/* End XCSwiftPackageProductDependency section */

/* Begin XCVersionGroup section */
		7B9C57E52738A4B8006C1979 /* Formando.xcdatamodeld */ = {
			isa = XCVersionGroup;
			children = (
				7B9C57E62738A4B8006C1979 /* Formando.xcdatamodel */,
			);
			currentVersion = 7B9C57E62738A4B8006C1979 /* Formando.xcdatamodel */;
			path = Formando.xcdatamodeld;
			sourceTree = "<group>";
			versionGroupType = wrapper.xcdatamodel;
		};
/* End XCVersionGroup section */
	};
	rootObject = 7B9C57D12738A4B8006C1979 /* Project object */;
}
