// !$*UTF8*$!
{
	archiveVersion = 1;
	classes = {
	};
	objectVersion = 55;
	objects = {

/* Begin PBXBuildFile section */
		7B2DA104273BF9CC004CF6BD /* LaunchScreen.storyboard in Resources */ = {isa = PBXBuildFile; fileRef = 7B9C57EA2738A4B9006C1979 /* LaunchScreen.storyboard */; };
		7B596763274FAB4A00781F18 /* home.json in Resources */ = {isa = PBXBuildFile; fileRef = 7B596762274FAB4A00781F18 /* home.json */; };
		7B596765274FAB5900781F18 /* result.json in Resources */ = {isa = PBXBuildFile; fileRef = 7B596764274FAB5900781F18 /* result.json */; };
		7B596767274FAB6900781F18 /* onboarding3.json in Resources */ = {isa = PBXBuildFile; fileRef = 7B596766274FAB6900781F18 /* onboarding3.json */; };
		7B9C57DD2738A4B8006C1979 /* AppDelegate.swift in Sources */ = {isa = PBXBuildFile; fileRef = 7B9C57DC2738A4B8006C1979 /* AppDelegate.swift */; };
		7B9C57DF2738A4B8006C1979 /* SceneDelegate.swift in Sources */ = {isa = PBXBuildFile; fileRef = 7B9C57DE2738A4B8006C1979 /* SceneDelegate.swift */; };
		7B9C57E72738A4B8006C1979 /* Formando.xcdatamodeld in Sources */ = {isa = PBXBuildFile; fileRef = 7B9C57E52738A4B8006C1979 /* Formando.xcdatamodeld */; };
		7B9C57E92738A4B9006C1979 /* Assets.xcassets in Resources */ = {isa = PBXBuildFile; fileRef = 7B9C57E82738A4B9006C1979 /* Assets.xcassets */; };
		7BD90FE8274532E2002D09BC /* SystemIcon.swift in Sources */ = {isa = PBXBuildFile; fileRef = 7BD90FE7274532E1002D09BC /* SystemIcon.swift */; };
		7BD90FEA27453311002D09BC /* ImageAssets.swift in Sources */ = {isa = PBXBuildFile; fileRef = 7BD90FE927453311002D09BC /* ImageAssets.swift */; };
		7BD90FEC2745333D002D09BC /* UserDefaultsKey.swift in Sources */ = {isa = PBXBuildFile; fileRef = 7BD90FEB2745333D002D09BC /* UserDefaultsKey.swift */; };
		7BD90FEE27453386002D09BC /* Localizable.strings in Resources */ = {isa = PBXBuildFile; fileRef = 7BD90FED27453386002D09BC /* Localizable.strings */; };
		7BD90FF0274533F1002D09BC /* String.swift in Sources */ = {isa = PBXBuildFile; fileRef = 7BD90FEF274533F1002D09BC /* String.swift */; };
		7BD90FF227453416002D09BC /* UIFont.swift in Sources */ = {isa = PBXBuildFile; fileRef = 7BD90FF127453416002D09BC /* UIFont.swift */; };
		7BD90FF6274534C1002D09BC /* Colors.swift in Sources */ = {isa = PBXBuildFile; fileRef = 7BD90FF5274534C1002D09BC /* Colors.swift */; };
		7BD90FF827453699002D09BC /* Notifications.swift in Sources */ = {isa = PBXBuildFile; fileRef = 7BD90FF727453699002D09BC /* Notifications.swift */; };
		7BD90FFA274536A2002D09BC /* Plane.swift in Sources */ = {isa = PBXBuildFile; fileRef = 7BD90FF9274536A2002D09BC /* Plane.swift */; };
		7BD90FFC274536AA002D09BC /* Scene.swift in Sources */ = {isa = PBXBuildFile; fileRef = 7BD90FFB274536AA002D09BC /* Scene.swift */; };
		7BD90FFE27453760002D09BC /* Report+CoreDataClass.swift in Sources */ = {isa = PBXBuildFile; fileRef = 7BD90FFD27453760002D09BC /* Report+CoreDataClass.swift */; };
		7BD910002745377E002D09BC /* Word.swift in Sources */ = {isa = PBXBuildFile; fileRef = 7BD90FFF2745377E002D09BC /* Word.swift */; };
		7BD91002274537A4002D09BC /* CloudKit.swift in Sources */ = {isa = PBXBuildFile; fileRef = 7BD91001274537A4002D09BC /* CloudKit.swift */; };
		7BD91004274537B2002D09BC /* JsonData.swift in Sources */ = {isa = PBXBuildFile; fileRef = 7BD91003274537B2002D09BC /* JsonData.swift */; };
		7BD9100627453951002D09BC /* RoundedButton.swift in Sources */ = {isa = PBXBuildFile; fileRef = 7BD9100527453951002D09BC /* RoundedButton.swift */; };
		7BD9100827453977002D09BC /* AnimationLottieView.swift in Sources */ = {isa = PBXBuildFile; fileRef = 7BD9100727453977002D09BC /* AnimationLottieView.swift */; };
		7BD9100A27454D83002D09BC /* SceneFactory.swift in Sources */ = {isa = PBXBuildFile; fileRef = 7BD9100927454D83002D09BC /* SceneFactory.swift */; };
		7BD9100C27454EBD002D09BC /* PageViewController.swift in Sources */ = {isa = PBXBuildFile; fileRef = 7BD9100B27454EBD002D09BC /* PageViewController.swift */; };
		7BF0406B273BF09D00E61D7F /* MainRouter.swift in Sources */ = {isa = PBXBuildFile; fileRef = 7BF0406A273BF09D00E61D7F /* MainRouter.swift */; };
		7BF0406F273BF0C100E61D7F /* CGPoint.swift in Sources */ = {isa = PBXBuildFile; fileRef = 7BF0406E273BF0C100E61D7F /* CGPoint.swift */; };
		7BF04071273BF0D900E61D7F /* LocalizableBundle.swift in Sources */ = {isa = PBXBuildFile; fileRef = 7BF04070273BF0D900E61D7F /* LocalizableBundle.swift */; };
		7BF04073273BF0E100E61D7F /* JsonAnimations.swift in Sources */ = {isa = PBXBuildFile; fileRef = 7BF04072273BF0E100E61D7F /* JsonAnimations.swift */; };
		7BF04075273BF10100E61D7F /* ARModel.swift in Sources */ = {isa = PBXBuildFile; fileRef = 7BF04074273BF10100E61D7F /* ARModel.swift */; };
		7BF04077273BF10900E61D7F /* ReportProtocol.swift in Sources */ = {isa = PBXBuildFile; fileRef = 7BF04076273BF10900E61D7F /* ReportProtocol.swift */; };
		7BF04079273BF11F00E61D7F /* NotificationsController.swift in Sources */ = {isa = PBXBuildFile; fileRef = 7BF04078273BF11F00E61D7F /* NotificationsController.swift */; };
		7BF0407B273BF13000E61D7F /* SoundButton.swift in Sources */ = {isa = PBXBuildFile; fileRef = 7BF0407A273BF13000E61D7F /* SoundButton.swift */; };
		7BF0407D273BF14400E61D7F /* ViewCodable.swift in Sources */ = {isa = PBXBuildFile; fileRef = 7BF0407C273BF14400E61D7F /* ViewCodable.swift */; };
		7BF0407F273BF14E00E61D7F /* HomeSceneFactory.swift in Sources */ = {isa = PBXBuildFile; fileRef = 7BF0407E273BF14E00E61D7F /* HomeSceneFactory.swift */; };
		7BF04081273BF16100E61D7F /* HomeRouter.swift in Sources */ = {isa = PBXBuildFile; fileRef = 7BF04080273BF16100E61D7F /* HomeRouter.swift */; };
		7BF04083273BF17000E61D7F /* HomeView.swift in Sources */ = {isa = PBXBuildFile; fileRef = 7BF04082273BF17000E61D7F /* HomeView.swift */; };
		7BF04085273BF17D00E61D7F /* HomeViewController.swift in Sources */ = {isa = PBXBuildFile; fileRef = 7BF04084273BF17D00E61D7F /* HomeViewController.swift */; };
		7BF04087273BF37E00E61D7F /* OnboardingSceneFactory.swift in Sources */ = {isa = PBXBuildFile; fileRef = 7BF04086273BF37E00E61D7F /* OnboardingSceneFactory.swift */; };
		7BF04089273BF38A00E61D7F /* OnboardingRouter.swift in Sources */ = {isa = PBXBuildFile; fileRef = 7BF04088273BF38A00E61D7F /* OnboardingRouter.swift */; };
		7BF0408B273BF39100E61D7F /* PageView.swift in Sources */ = {isa = PBXBuildFile; fileRef = 7BF0408A273BF39100E61D7F /* PageView.swift */; };
		7BF0408D273BF3D400E61D7F /* OnboardingViewController.swift in Sources */ = {isa = PBXBuildFile; fileRef = 7BF0408C273BF3D400E61D7F /* OnboardingViewController.swift */; };
		7BF0408F273BF3E000E61D7F /* GameSceneFactory.swift in Sources */ = {isa = PBXBuildFile; fileRef = 7BF0408E273BF3E000E61D7F /* GameSceneFactory.swift */; };
		7BF04091273BF3F000E61D7F /* GameRouter.swift in Sources */ = {isa = PBXBuildFile; fileRef = 7BF04090273BF3F000E61D7F /* GameRouter.swift */; };
		7BF04093273BF3FC00E61D7F /* GameView.swift in Sources */ = {isa = PBXBuildFile; fileRef = 7BF04092273BF3FC00E61D7F /* GameView.swift */; };
		7BF04095273BF40300E61D7F /* Search+Gesture.swift in Sources */ = {isa = PBXBuildFile; fileRef = 7BF04094273BF40300E61D7F /* Search+Gesture.swift */; };
		7BF04097273BF42000E61D7F /* ResultSceneFactory.swift in Sources */ = {isa = PBXBuildFile; fileRef = 7BF04096273BF42000E61D7F /* ResultSceneFactory.swift */; };
		7BF04099273BF4D200E61D7F /* ResultRouter.swift in Sources */ = {isa = PBXBuildFile; fileRef = 7BF04098273BF4D200E61D7F /* ResultRouter.swift */; };
		7BF0409B273BF4DD00E61D7F /* ResultView.swift in Sources */ = {isa = PBXBuildFile; fileRef = 7BF0409A273BF4DD00E61D7F /* ResultView.swift */; };
		7BF0409D273BF4EA00E61D7F /* ResultViewController.swift in Sources */ = {isa = PBXBuildFile; fileRef = 7BF0409C273BF4EA00E61D7F /* ResultViewController.swift */; };
		AF6B4CB5274FCA46008EB1E6 /* Lottie in Frameworks */ = {isa = PBXBuildFile; productRef = AF6B4CB4274FCA46008EB1E6 /* Lottie */; };
		AF6B4CB8274FCE0F008EB1E6 /* SoundsKit in Frameworks */ = {isa = PBXBuildFile; productRef = AF6B4CB7274FCE0F008EB1E6 /* SoundsKit */; };
/* End PBXBuildFile section */

/* Begin PBXFileReference section */
		7B596762274FAB4A00781F18 /* home.json */ = {isa = PBXFileReference; fileEncoding = 4; lastKnownFileType = text.json; path = home.json; sourceTree = "<group>"; };
		7B596764274FAB5900781F18 /* result.json */ = {isa = PBXFileReference; fileEncoding = 4; lastKnownFileType = text.json; path = result.json; sourceTree = "<group>"; };
		7B596766274FAB6900781F18 /* onboarding3.json */ = {isa = PBXFileReference; fileEncoding = 4; lastKnownFileType = text.json; path = onboarding3.json; sourceTree = "<group>"; };
		7B9C57D92738A4B8006C1979 /* Formando.app */ = {isa = PBXFileReference; explicitFileType = wrapper.application; includeInIndex = 0; path = Formando.app; sourceTree = BUILT_PRODUCTS_DIR; };
		7B9C57DC2738A4B8006C1979 /* AppDelegate.swift */ = {isa = PBXFileReference; lastKnownFileType = sourcecode.swift; path = AppDelegate.swift; sourceTree = "<group>"; };
		7B9C57DE2738A4B8006C1979 /* SceneDelegate.swift */ = {isa = PBXFileReference; lastKnownFileType = sourcecode.swift; path = SceneDelegate.swift; sourceTree = "<group>"; };
		7B9C57E62738A4B8006C1979 /* Formando.xcdatamodel */ = {isa = PBXFileReference; lastKnownFileType = wrapper.xcdatamodel; path = Formando.xcdatamodel; sourceTree = "<group>"; };
		7B9C57E82738A4B9006C1979 /* Assets.xcassets */ = {isa = PBXFileReference; lastKnownFileType = folder.assetcatalog; path = Assets.xcassets; sourceTree = "<group>"; };
		7B9C57EB2738A4B9006C1979 /* Base */ = {isa = PBXFileReference; lastKnownFileType = file.storyboard; name = Base; path = Base.lproj/LaunchScreen.storyboard; sourceTree = "<group>"; };
		7B9C57ED2738A4B9006C1979 /* Info.plist */ = {isa = PBXFileReference; lastKnownFileType = text.plist.xml; path = Info.plist; sourceTree = "<group>"; };
		7BD90FE7274532E1002D09BC /* SystemIcon.swift */ = {isa = PBXFileReference; lastKnownFileType = sourcecode.swift; path = SystemIcon.swift; sourceTree = "<group>"; };
		7BD90FE927453311002D09BC /* ImageAssets.swift */ = {isa = PBXFileReference; lastKnownFileType = sourcecode.swift; path = ImageAssets.swift; sourceTree = "<group>"; };
		7BD90FEB2745333D002D09BC /* UserDefaultsKey.swift */ = {isa = PBXFileReference; lastKnownFileType = sourcecode.swift; path = UserDefaultsKey.swift; sourceTree = "<group>"; };
		7BD90FED27453386002D09BC /* Localizable.strings */ = {isa = PBXFileReference; lastKnownFileType = text.plist.strings; path = Localizable.strings; sourceTree = "<group>"; };
		7BD90FEF274533F1002D09BC /* String.swift */ = {isa = PBXFileReference; lastKnownFileType = sourcecode.swift; path = String.swift; sourceTree = "<group>"; };
		7BD90FF127453416002D09BC /* UIFont.swift */ = {isa = PBXFileReference; lastKnownFileType = sourcecode.swift; path = UIFont.swift; sourceTree = "<group>"; };
		7BD90FF327453466002D09BC /* BubblegumSans-Regular.ttf */ = {isa = PBXFileReference; lastKnownFileType = file; path = "BubblegumSans-Regular.ttf"; sourceTree = "<group>"; };
		7BD90FF5274534C1002D09BC /* Colors.swift */ = {isa = PBXFileReference; lastKnownFileType = sourcecode.swift; path = Colors.swift; sourceTree = "<group>"; };
		7BD90FF727453699002D09BC /* Notifications.swift */ = {isa = PBXFileReference; lastKnownFileType = sourcecode.swift; path = Notifications.swift; sourceTree = "<group>"; };
		7BD90FF9274536A2002D09BC /* Plane.swift */ = {isa = PBXFileReference; lastKnownFileType = sourcecode.swift; path = Plane.swift; sourceTree = "<group>"; };
		7BD90FFB274536AA002D09BC /* Scene.swift */ = {isa = PBXFileReference; lastKnownFileType = sourcecode.swift; path = Scene.swift; sourceTree = "<group>"; };
		7BD90FFD27453760002D09BC /* Report+CoreDataClass.swift */ = {isa = PBXFileReference; lastKnownFileType = sourcecode.swift; path = "Report+CoreDataClass.swift"; sourceTree = "<group>"; };
		7BD90FFF2745377E002D09BC /* Word.swift */ = {isa = PBXFileReference; lastKnownFileType = sourcecode.swift; path = Word.swift; sourceTree = "<group>"; };
		7BD91001274537A4002D09BC /* CloudKit.swift */ = {isa = PBXFileReference; lastKnownFileType = sourcecode.swift; path = CloudKit.swift; sourceTree = "<group>"; };
		7BD91003274537B2002D09BC /* JsonData.swift */ = {isa = PBXFileReference; lastKnownFileType = sourcecode.swift; path = JsonData.swift; sourceTree = "<group>"; };
		7BD9100527453951002D09BC /* RoundedButton.swift */ = {isa = PBXFileReference; lastKnownFileType = sourcecode.swift; path = RoundedButton.swift; sourceTree = "<group>"; };
		7BD9100727453977002D09BC /* AnimationLottieView.swift */ = {isa = PBXFileReference; lastKnownFileType = sourcecode.swift; path = AnimationLottieView.swift; sourceTree = "<group>"; };
		7BD9100927454D83002D09BC /* SceneFactory.swift */ = {isa = PBXFileReference; lastKnownFileType = sourcecode.swift; path = SceneFactory.swift; sourceTree = "<group>"; };
		7BD9100B27454EBD002D09BC /* PageViewController.swift */ = {isa = PBXFileReference; lastKnownFileType = sourcecode.swift; path = PageViewController.swift; sourceTree = "<group>"; };
		7BF0406A273BF09D00E61D7F /* MainRouter.swift */ = {isa = PBXFileReference; lastKnownFileType = sourcecode.swift; path = MainRouter.swift; sourceTree = "<group>"; };
		7BF0406E273BF0C100E61D7F /* CGPoint.swift */ = {isa = PBXFileReference; lastKnownFileType = sourcecode.swift; path = CGPoint.swift; sourceTree = "<group>"; };
		7BF04070273BF0D900E61D7F /* LocalizableBundle.swift */ = {isa = PBXFileReference; lastKnownFileType = sourcecode.swift; path = LocalizableBundle.swift; sourceTree = "<group>"; };
		7BF04072273BF0E100E61D7F /* JsonAnimations.swift */ = {isa = PBXFileReference; lastKnownFileType = sourcecode.swift; path = JsonAnimations.swift; sourceTree = "<group>"; };
		7BF04074273BF10100E61D7F /* ARModel.swift */ = {isa = PBXFileReference; lastKnownFileType = sourcecode.swift; path = ARModel.swift; sourceTree = "<group>"; };
		7BF04076273BF10900E61D7F /* ReportProtocol.swift */ = {isa = PBXFileReference; lastKnownFileType = sourcecode.swift; path = ReportProtocol.swift; sourceTree = "<group>"; };
		7BF04078273BF11F00E61D7F /* NotificationsController.swift */ = {isa = PBXFileReference; lastKnownFileType = sourcecode.swift; path = NotificationsController.swift; sourceTree = "<group>"; };
		7BF0407A273BF13000E61D7F /* SoundButton.swift */ = {isa = PBXFileReference; lastKnownFileType = sourcecode.swift; path = SoundButton.swift; sourceTree = "<group>"; };
		7BF0407C273BF14400E61D7F /* ViewCodable.swift */ = {isa = PBXFileReference; lastKnownFileType = sourcecode.swift; path = ViewCodable.swift; sourceTree = "<group>"; };
		7BF0407E273BF14E00E61D7F /* HomeSceneFactory.swift */ = {isa = PBXFileReference; lastKnownFileType = sourcecode.swift; path = HomeSceneFactory.swift; sourceTree = "<group>"; };
		7BF04080273BF16100E61D7F /* HomeRouter.swift */ = {isa = PBXFileReference; lastKnownFileType = sourcecode.swift; path = HomeRouter.swift; sourceTree = "<group>"; };
		7BF04082273BF17000E61D7F /* HomeView.swift */ = {isa = PBXFileReference; lastKnownFileType = sourcecode.swift; path = HomeView.swift; sourceTree = "<group>"; };
		7BF04084273BF17D00E61D7F /* HomeViewController.swift */ = {isa = PBXFileReference; lastKnownFileType = sourcecode.swift; path = HomeViewController.swift; sourceTree = "<group>"; };
		7BF04086273BF37E00E61D7F /* OnboardingSceneFactory.swift */ = {isa = PBXFileReference; lastKnownFileType = sourcecode.swift; path = OnboardingSceneFactory.swift; sourceTree = "<group>"; };
		7BF04088273BF38A00E61D7F /* OnboardingRouter.swift */ = {isa = PBXFileReference; lastKnownFileType = sourcecode.swift; path = OnboardingRouter.swift; sourceTree = "<group>"; };
		7BF0408A273BF39100E61D7F /* PageView.swift */ = {isa = PBXFileReference; lastKnownFileType = sourcecode.swift; path = PageView.swift; sourceTree = "<group>"; };
		7BF0408C273BF3D400E61D7F /* OnboardingViewController.swift */ = {isa = PBXFileReference; lastKnownFileType = sourcecode.swift; path = OnboardingViewController.swift; sourceTree = "<group>"; };
		7BF0408E273BF3E000E61D7F /* GameSceneFactory.swift */ = {isa = PBXFileReference; lastKnownFileType = sourcecode.swift; path = GameSceneFactory.swift; sourceTree = "<group>"; };
		7BF04090273BF3F000E61D7F /* GameRouter.swift */ = {isa = PBXFileReference; lastKnownFileType = sourcecode.swift; path = GameRouter.swift; sourceTree = "<group>"; };
		7BF04092273BF3FC00E61D7F /* GameView.swift */ = {isa = PBXFileReference; lastKnownFileType = sourcecode.swift; path = GameView.swift; sourceTree = "<group>"; };
		7BF04094273BF40300E61D7F /* Search+Gesture.swift */ = {isa = PBXFileReference; lastKnownFileType = sourcecode.swift; path = "Search+Gesture.swift"; sourceTree = "<group>"; };
		7BF04096273BF42000E61D7F /* ResultSceneFactory.swift */ = {isa = PBXFileReference; lastKnownFileType = sourcecode.swift; path = ResultSceneFactory.swift; sourceTree = "<group>"; };
		7BF04098273BF4D200E61D7F /* ResultRouter.swift */ = {isa = PBXFileReference; lastKnownFileType = sourcecode.swift; path = ResultRouter.swift; sourceTree = "<group>"; };
		7BF0409A273BF4DD00E61D7F /* ResultView.swift */ = {isa = PBXFileReference; lastKnownFileType = sourcecode.swift; path = ResultView.swift; sourceTree = "<group>"; };
		7BF0409C273BF4EA00E61D7F /* ResultViewController.swift */ = {isa = PBXFileReference; lastKnownFileType = sourcecode.swift; path = ResultViewController.swift; sourceTree = "<group>"; };
/* End PBXFileReference section */

/* Begin PBXFrameworksBuildPhase section */
		7B9C57D62738A4B8006C1979 /* Frameworks */ = {
			isa = PBXFrameworksBuildPhase;
			buildActionMask = 2147483647;
			files = (
				AF6B4CB5274FCA46008EB1E6 /* Lottie in Frameworks */,
				AF6B4CB8274FCE0F008EB1E6 /* SoundsKit in Frameworks */,
			);
			runOnlyForDeploymentPostprocessing = 0;
		};
/* End PBXFrameworksBuildPhase section */

/* Begin PBXGroup section */
		7B9C57D02738A4B8006C1979 = {
			isa = PBXGroup;
			children = (
				7B9C57DB2738A4B8006C1979 /* Formando */,
				7B9C57DA2738A4B8006C1979 /* Products */,
			);
			sourceTree = "<group>";
		};
		7B9C57DA2738A4B8006C1979 /* Products */ = {
			isa = PBXGroup;
			children = (
				7B9C57D92738A4B8006C1979 /* Formando.app */,
			);
			name = Products;
			sourceTree = "<group>";
		};
		7B9C57DB2738A4B8006C1979 /* Formando */ = {
			isa = PBXGroup;
			children = (
				7B9C58642738A8D7006C1979 /* Shared */,
				7B9C58572738A850006C1979 /* Utils */,
				7B9C58502738A815006C1979 /* Model */,
				7B9C584B2738A7DD006C1979 /* Controller */,
				7B9C58462738A7A5006C1979 /* View */,
				7B9C58432738A768006C1979 /* Protocol */,
				7B9C582A2738A67F006C1979 /* Home */,
				7B9C58292738A66E006C1979 /* Onboarding */,
				7B9C581C2738A5FE006C1979 /* Game */,
				7B9C580F2738A52A006C1979 /* Result */,
				7B9C57E82738A4B9006C1979 /* Assets.xcassets */,
				7B9C57ED2738A4B9006C1979 /* Info.plist */,
				7B9C57E52738A4B8006C1979 /* Formando.xcdatamodeld */,
			);
			path = Formando;
			sourceTree = "<group>";
		};
		7B9C580F2738A52A006C1979 /* Result */ = {
			isa = PBXGroup;
			children = (
				7B9C58192738A5B4006C1979 /* SceneFactory */,
				7B9C58162738A597006C1979 /* Router */,
				7B9C58112738A54B006C1979 /* View */,
				7B9C58102738A53C006C1979 /* ViewController */,
			);
			path = Result;
			sourceTree = "<group>";
		};
		7B9C58102738A53C006C1979 /* ViewController */ = {
			isa = PBXGroup;
			children = (
				7BF0409C273BF4EA00E61D7F /* ResultViewController.swift */,
			);
			path = ViewController;
			sourceTree = "<group>";
		};
		7B9C58112738A54B006C1979 /* View */ = {
			isa = PBXGroup;
			children = (
				7BF0409A273BF4DD00E61D7F /* ResultView.swift */,
			);
			path = View;
			sourceTree = "<group>";
		};
		7B9C58162738A597006C1979 /* Router */ = {
			isa = PBXGroup;
			children = (
				7BF04098273BF4D200E61D7F /* ResultRouter.swift */,
			);
			path = Router;
			sourceTree = "<group>";
		};
		7B9C58192738A5B4006C1979 /* SceneFactory */ = {
			isa = PBXGroup;
			children = (
				7BF04096273BF42000E61D7F /* ResultSceneFactory.swift */,
			);
			path = SceneFactory;
			sourceTree = "<group>";
		};
		7B9C581C2738A5FE006C1979 /* Game */ = {
			isa = PBXGroup;
			children = (
				7B9C58202738A62B006C1979 /* SceneFactory */,
				7B9C581F2738A622006C1979 /* Router */,
				7B9C581E2738A61A006C1979 /* View */,
				7B9C581D2738A60D006C1979 /* ViewController */,
			);
			path = Game;
			sourceTree = "<group>";
		};
		7B9C581D2738A60D006C1979 /* ViewController */ = {
			isa = PBXGroup;
			children = (
				7BF04094273BF40300E61D7F /* Search+Gesture.swift */,
			);
			path = ViewController;
			sourceTree = "<group>";
		};
		7B9C581E2738A61A006C1979 /* View */ = {
			isa = PBXGroup;
			children = (
				7BF04092273BF3FC00E61D7F /* GameView.swift */,
			);
			path = View;
			sourceTree = "<group>";
		};
		7B9C581F2738A622006C1979 /* Router */ = {
			isa = PBXGroup;
			children = (
				7BF04090273BF3F000E61D7F /* GameRouter.swift */,
			);
			path = Router;
			sourceTree = "<group>";
		};
		7B9C58202738A62B006C1979 /* SceneFactory */ = {
			isa = PBXGroup;
			children = (
				7BF0408E273BF3E000E61D7F /* GameSceneFactory.swift */,
			);
			path = SceneFactory;
			sourceTree = "<group>";
		};
		7B9C58292738A66E006C1979 /* Onboarding */ = {
			isa = PBXGroup;
			children = (
				7B9C58342738A6C8006C1979 /* SceneFactory */,
				7B9C582D2738A698006C1979 /* Router */,
				7B9C582C2738A68F006C1979 /* View */,
				7B9C582B2738A684006C1979 /* ViewController */,
			);
			path = Onboarding;
			sourceTree = "<group>";
		};
		7B9C582A2738A67F006C1979 /* Home */ = {
			isa = PBXGroup;
			children = (
				7B9C58402738A74F006C1979 /* SceneFactory */,
				7B9C583B2738A701006C1979 /* Router */,
				7B9C58382738A6ED006C1979 /* View */,
				7B9C58372738A6E2006C1979 /* ViewController */,
			);
			path = Home;
			sourceTree = "<group>";
		};
		7B9C582B2738A684006C1979 /* ViewController */ = {
			isa = PBXGroup;
			children = (
				7BF0408C273BF3D400E61D7F /* OnboardingViewController.swift */,
				7BD9100B27454EBD002D09BC /* PageViewController.swift */,
			);
			path = ViewController;
			sourceTree = "<group>";
		};
		7B9C582C2738A68F006C1979 /* View */ = {
			isa = PBXGroup;
			children = (
				7BF0408A273BF39100E61D7F /* PageView.swift */,
			);
			path = View;
			sourceTree = "<group>";
		};
		7B9C582D2738A698006C1979 /* Router */ = {
			isa = PBXGroup;
			children = (
				7BF04088273BF38A00E61D7F /* OnboardingRouter.swift */,
			);
			path = Router;
			sourceTree = "<group>";
		};
		7B9C58342738A6C8006C1979 /* SceneFactory */ = {
			isa = PBXGroup;
			children = (
				7BF04086273BF37E00E61D7F /* OnboardingSceneFactory.swift */,
			);
			path = SceneFactory;
			sourceTree = "<group>";
		};
		7B9C58372738A6E2006C1979 /* ViewController */ = {
			isa = PBXGroup;
			children = (
				7BF04084273BF17D00E61D7F /* HomeViewController.swift */,
			);
			path = ViewController;
			sourceTree = "<group>";
		};
		7B9C58382738A6ED006C1979 /* View */ = {
			isa = PBXGroup;
			children = (
				7BF04082273BF17000E61D7F /* HomeView.swift */,
			);
			path = View;
			sourceTree = "<group>";
		};
		7B9C583B2738A701006C1979 /* Router */ = {
			isa = PBXGroup;
			children = (
				7BF04080273BF16100E61D7F /* HomeRouter.swift */,
			);
			path = Router;
			sourceTree = "<group>";
		};
		7B9C58402738A74F006C1979 /* SceneFactory */ = {
			isa = PBXGroup;
			children = (
				7BF0407E273BF14E00E61D7F /* HomeSceneFactory.swift */,
			);
			path = SceneFactory;
			sourceTree = "<group>";
		};
		7B9C58432738A768006C1979 /* Protocol */ = {
			isa = PBXGroup;
			children = (
				7BF0407C273BF14400E61D7F /* ViewCodable.swift */,
				7BD9100927454D83002D09BC /* SceneFactory.swift */,
			);
			path = Protocol;
			sourceTree = "<group>";
		};
		7B9C58462738A7A5006C1979 /* View */ = {
			isa = PBXGroup;
			children = (
				7B9C58482738A7BF006C1979 /* Shared */,
				7B9C58472738A7AC006C1979 /* LauchScreen */,
			);
			path = View;
			sourceTree = "<group>";
		};
		7B9C58472738A7AC006C1979 /* LauchScreen */ = {
			isa = PBXGroup;
			children = (
				7B9C57EA2738A4B9006C1979 /* LaunchScreen.storyboard */,
			);
			path = LauchScreen;
			sourceTree = "<group>";
		};
		7B9C58482738A7BF006C1979 /* Shared */ = {
			isa = PBXGroup;
			children = (
				7BF0407A273BF13000E61D7F /* SoundButton.swift */,
				7BD9100527453951002D09BC /* RoundedButton.swift */,
				7BD9100727453977002D09BC /* AnimationLottieView.swift */,
			);
			path = Shared;
			sourceTree = "<group>";
		};
		7B9C584B2738A7DD006C1979 /* Controller */ = {
			isa = PBXGroup;
			children = (
				7B9C584C2738A7F6006C1979 /* Notifications */,
			);
			path = Controller;
			sourceTree = "<group>";
		};
		7B9C584C2738A7F6006C1979 /* Notifications */ = {
			isa = PBXGroup;
			children = (
				7BF04078273BF11F00E61D7F /* NotificationsController.swift */,
			);
			path = Notifications;
			sourceTree = "<group>";
		};
		7B9C58502738A815006C1979 /* Model */ = {
			isa = PBXGroup;
			children = (
				7B9C58522738A82B006C1979 /* Entities */,
				7B9C58512738A81E006C1979 /* Repository */,
			);
			path = Model;
			sourceTree = "<group>";
		};
		7B9C58512738A81E006C1979 /* Repository */ = {
			isa = PBXGroup;
			children = (
				7BF04076273BF10900E61D7F /* ReportProtocol.swift */,
				7BD90FFD27453760002D09BC /* Report+CoreDataClass.swift */,
				7BD90FFF2745377E002D09BC /* Word.swift */,
				7BD91001274537A4002D09BC /* CloudKit.swift */,
				7BD91003274537B2002D09BC /* JsonData.swift */,
			);
			path = Repository;
			sourceTree = "<group>";
		};
		7B9C58522738A82B006C1979 /* Entities */ = {
			isa = PBXGroup;
			children = (
				7BF04074273BF10100E61D7F /* ARModel.swift */,
				7BD90FF727453699002D09BC /* Notifications.swift */,
				7BD90FF9274536A2002D09BC /* Plane.swift */,
				7BD90FFB274536AA002D09BC /* Scene.swift */,
			);
			path = Entities;
			sourceTree = "<group>";
		};
		7B9C58572738A850006C1979 /* Utils */ = {
			isa = PBXGroup;
			children = (
				7BD90FF4274534AE002D09BC /* Colors */,
				7B9C585F2738A895006C1979 /* Fonts */,
				7B9C585E2738A888006C1979 /* Extensions */,
				7B9C58592738A863006C1979 /* Localizable */,
				7B9C58582738A85A006C1979 /* Strings */,
			);
			path = Utils;
			sourceTree = "<group>";
		};
		7B9C58582738A85A006C1979 /* Strings */ = {
			isa = PBXGroup;
			children = (
				7BF04072273BF0E100E61D7F /* JsonAnimations.swift */,
				7BD90FE7274532E1002D09BC /* SystemIcon.swift */,
				7BD90FE927453311002D09BC /* ImageAssets.swift */,
				7BD90FEB2745333D002D09BC /* UserDefaultsKey.swift */,
			);
			path = Strings;
			sourceTree = "<group>";
		};
		7B9C58592738A863006C1979 /* Localizable */ = {
			isa = PBXGroup;
			children = (
				7BF04070273BF0D900E61D7F /* LocalizableBundle.swift */,
				7BD90FED27453386002D09BC /* Localizable.strings */,
			);
			path = Localizable;
			sourceTree = "<group>";
		};
		7B9C585E2738A888006C1979 /* Extensions */ = {
			isa = PBXGroup;
			children = (
				7BF0406E273BF0C100E61D7F /* CGPoint.swift */,
				7BD90FEF274533F1002D09BC /* String.swift */,
				7BD90FF127453416002D09BC /* UIFont.swift */,
			);
			path = Extensions;
			sourceTree = "<group>";
		};
		7B9C585F2738A895006C1979 /* Fonts */ = {
			isa = PBXGroup;
			children = (
				7BD90FF327453466002D09BC /* BubblegumSans-Regular.ttf */,
			);
			path = Fonts;
			sourceTree = "<group>";
		};
		7B9C58642738A8D7006C1979 /* Shared */ = {
			isa = PBXGroup;
			children = (
				7B9C58662738A917006C1979 /* Animation */,
				7B9C58652738A90F006C1979 /* Router */,
				7B9C57DC2738A4B8006C1979 /* AppDelegate.swift */,
				7B9C57DE2738A4B8006C1979 /* SceneDelegate.swift */,
			);
			path = Shared;
			sourceTree = "<group>";
		};
		7B9C58652738A90F006C1979 /* Router */ = {
			isa = PBXGroup;
			children = (
				7BF0406A273BF09D00E61D7F /* MainRouter.swift */,
			);
			path = Router;
			sourceTree = "<group>";
		};
		7B9C58662738A917006C1979 /* Animation */ = {
			isa = PBXGroup;
			children = (
				7B596766274FAB6900781F18 /* onboarding3.json */,
				7B596764274FAB5900781F18 /* result.json */,
				7B596762274FAB4A00781F18 /* home.json */,
			);
			path = Animation;
			sourceTree = "<group>";
		};
		7BD90FF4274534AE002D09BC /* Colors */ = {
			isa = PBXGroup;
			children = (
				7BD90FF5274534C1002D09BC /* Colors.swift */,
			);
			path = Colors;
			sourceTree = "<group>";
		};
/* End PBXGroup section */

/* Begin PBXNativeTarget section */
		7B9C57D82738A4B8006C1979 /* Formando */ = {
			isa = PBXNativeTarget;
			buildConfigurationList = 7B9C58062738A4BA006C1979 /* Build configuration list for PBXNativeTarget "Formando" */;
			buildPhases = (
				7B9C57D52738A4B8006C1979 /* Sources */,
				7B9C57D62738A4B8006C1979 /* Frameworks */,
				7B9C57D72738A4B8006C1979 /* Resources */,
				7B06D399273D45EE003689DC /* ShellScript */,
			);
			buildRules = (
			);
			dependencies = (
			);
			name = Formando;
			packageProductDependencies = (
				AF6B4CB4274FCA46008EB1E6 /* Lottie */,
				AF6B4CB7274FCE0F008EB1E6 /* SoundsKit */,
			);
			productName = Formando;
			productReference = 7B9C57D92738A4B8006C1979 /* Formando.app */;
			productType = "com.apple.product-type.application";
		};
/* End PBXNativeTarget section */

/* Begin PBXProject section */
		7B9C57D12738A4B8006C1979 /* Project object */ = {
			isa = PBXProject;
			attributes = {
				BuildIndependentTargetsInParallel = 1;
				LastSwiftUpdateCheck = 1310;
				LastUpgradeCheck = 1310;
				TargetAttributes = {
					7B9C57D82738A4B8006C1979 = {
						CreatedOnToolsVersion = 13.1;
					};
				};
			};
			buildConfigurationList = 7B9C57D42738A4B8006C1979 /* Build configuration list for PBXProject "Formando" */;
			compatibilityVersion = "Xcode 13.0";
			developmentRegion = en;
			hasScannedForEncodings = 0;
			knownRegions = (
				en,
				Base,
			);
			mainGroup = 7B9C57D02738A4B8006C1979;
			packageReferences = (
				AF6B4CB3274FCA46008EB1E6 /* XCRemoteSwiftPackageReference "lottie-ios" */,
				AF6B4CB6274FCE0F008EB1E6 /* XCRemoteSwiftPackageReference "SoundsKit" */,
			);
			productRefGroup = 7B9C57DA2738A4B8006C1979 /* Products */;
			projectDirPath = "";
			projectRoot = "";
			targets = (
				7B9C57D82738A4B8006C1979 /* Formando */,
			);
		};
/* End PBXProject section */

/* Begin PBXResourcesBuildPhase section */
		7B9C57D72738A4B8006C1979 /* Resources */ = {
			isa = PBXResourcesBuildPhase;
			buildActionMask = 2147483647;
			files = (
				7B596763274FAB4A00781F18 /* home.json in Resources */,
				7B596767274FAB6900781F18 /* onboarding3.json in Resources */,
				7B2DA104273BF9CC004CF6BD /* LaunchScreen.storyboard in Resources */,
				7BD90FEE27453386002D09BC /* Localizable.strings in Resources */,
				7B9C57E92738A4B9006C1979 /* Assets.xcassets in Resources */,
				7B596765274FAB5900781F18 /* result.json in Resources */,
			);
			runOnlyForDeploymentPostprocessing = 0;
		};
/* End PBXResourcesBuildPhase section */

/* Begin PBXShellScriptBuildPhase section */
		7B06D399273D45EE003689DC /* ShellScript */ = {
			isa = PBXShellScriptBuildPhase;
			buildActionMask = 2147483647;
			files = (
			);
			inputFileListPaths = (
			);
			inputPaths = (
			);
			outputFileListPaths = (
			);
			outputPaths = (
			);
			runOnlyForDeploymentPostprocessing = 0;
			shellPath = /bin/sh;
			shellScript = "if which swiftlint >/dev/null; then\n  swiftlint\nelse\n  echo \"warning: SwiftLint not installed, download from https://github.com/realm/SwiftLint\"\nfi\n";
		};
/* End PBXShellScriptBuildPhase section */

/* Begin PBXSourcesBuildPhase section */
		7B9C57D52738A4B8006C1979 /* Sources */ = {
			isa = PBXSourcesBuildPhase;
			buildActionMask = 2147483647;
			files = (
				7BF04091273BF3F000E61D7F /* GameRouter.swift in Sources */,
				7BD90FF6274534C1002D09BC /* Colors.swift in Sources */,
				7BF04077273BF10900E61D7F /* ReportProtocol.swift in Sources */,
				7BD91002274537A4002D09BC /* CloudKit.swift in Sources */,
				7BF0406B273BF09D00E61D7F /* MainRouter.swift in Sources */,
				7BD90FF827453699002D09BC /* Notifications.swift in Sources */,
				7BF04099273BF4D200E61D7F /* ResultRouter.swift in Sources */,
				7BF04087273BF37E00E61D7F /* OnboardingSceneFactory.swift in Sources */,
				7BD90FF227453416002D09BC /* UIFont.swift in Sources */,
				7BD90FEC2745333D002D09BC /* UserDefaultsKey.swift in Sources */,
				7BD90FEA27453311002D09BC /* ImageAssets.swift in Sources */,
				7BF0409D273BF4EA00E61D7F /* ResultViewController.swift in Sources */,
				7BF0408D273BF3D400E61D7F /* OnboardingViewController.swift in Sources */,
				7BF0407F273BF14E00E61D7F /* HomeSceneFactory.swift in Sources */,
				7BD91004274537B2002D09BC /* JsonData.swift in Sources */,
				7BF04097273BF42000E61D7F /* ResultSceneFactory.swift in Sources */,
				7B9C57DD2738A4B8006C1979 /* AppDelegate.swift in Sources */,
				7BD9100A27454D83002D09BC /* SceneFactory.swift in Sources */,
				7BD9100827453977002D09BC /* AnimationLottieView.swift in Sources */,
				7BD90FFC274536AA002D09BC /* Scene.swift in Sources */,
				7BF04083273BF17000E61D7F /* HomeView.swift in Sources */,
				7BD910002745377E002D09BC /* Word.swift in Sources */,
				7BF0408B273BF39100E61D7F /* PageView.swift in Sources */,
				7BF04073273BF0E100E61D7F /* JsonAnimations.swift in Sources */,
				7BF0406F273BF0C100E61D7F /* CGPoint.swift in Sources */,
				7BF0408F273BF3E000E61D7F /* GameSceneFactory.swift in Sources */,
				7B9C57DF2738A4B8006C1979 /* SceneDelegate.swift in Sources */,
				7BF04095273BF40300E61D7F /* Search+Gesture.swift in Sources */,
				7BD90FFA274536A2002D09BC /* Plane.swift in Sources */,
				7BF0407B273BF13000E61D7F /* SoundButton.swift in Sources */,
				7BF04081273BF16100E61D7F /* HomeRouter.swift in Sources */,
				7BF0407D273BF14400E61D7F /* ViewCodable.swift in Sources */,
				7BD90FFE27453760002D09BC /* Report+CoreDataClass.swift in Sources */,
				7BF04071273BF0D900E61D7F /* LocalizableBundle.swift in Sources */,
				7BF04089273BF38A00E61D7F /* OnboardingRouter.swift in Sources */,
				7BD90FE8274532E2002D09BC /* SystemIcon.swift in Sources */,
				7BF04079273BF11F00E61D7F /* NotificationsController.swift in Sources */,
				7BD9100C27454EBD002D09BC /* PageViewController.swift in Sources */,
				7BF0409B273BF4DD00E61D7F /* ResultView.swift in Sources */,
				7BF04075273BF10100E61D7F /* ARModel.swift in Sources */,
				7BD9100627453951002D09BC /* RoundedButton.swift in Sources */,
				7BF04093273BF3FC00E61D7F /* GameView.swift in Sources */,
				7BD90FF0274533F1002D09BC /* String.swift in Sources */,
				7BF04085273BF17D00E61D7F /* HomeViewController.swift in Sources */,
				7B9C57E72738A4B8006C1979 /* Formando.xcdatamodeld in Sources */,
			);
			runOnlyForDeploymentPostprocessing = 0;
		};
/* End PBXSourcesBuildPhase section */

/* Begin PBXVariantGroup section */
		7B9C57EA2738A4B9006C1979 /* LaunchScreen.storyboard */ = {
			isa = PBXVariantGroup;
			children = (
				7B9C57EB2738A4B9006C1979 /* Base */,
			);
			name = LaunchScreen.storyboard;
			sourceTree = "<group>";
		};
/* End PBXVariantGroup section */

/* Begin XCBuildConfiguration section */
		7B9C58042738A4BA006C1979 /* Debug */ = {
			isa = XCBuildConfiguration;
			buildSettings = {
				ALWAYS_SEARCH_USER_PATHS = NO;
				CLANG_ANALYZER_NONNULL = YES;
				CLANG_ANALYZER_NUMBER_OBJECT_CONVERSION = YES_AGGRESSIVE;
				CLANG_CXX_LANGUAGE_STANDARD = "gnu++17";
				CLANG_CXX_LIBRARY = "libc++";
				CLANG_ENABLE_MODULES = YES;
				CLANG_ENABLE_OBJC_ARC = YES;
				CLANG_ENABLE_OBJC_WEAK = YES;
				CLANG_WARN_BLOCK_CAPTURE_AUTORELEASING = YES;
				CLANG_WARN_BOOL_CONVERSION = YES;
				CLANG_WARN_COMMA = YES;
				CLANG_WARN_CONSTANT_CONVERSION = YES;
				CLANG_WARN_DEPRECATED_OBJC_IMPLEMENTATIONS = YES;
				CLANG_WARN_DIRECT_OBJC_ISA_USAGE = YES_ERROR;
				CLANG_WARN_DOCUMENTATION_COMMENTS = YES;
				CLANG_WARN_EMPTY_BODY = YES;
				CLANG_WARN_ENUM_CONVERSION = YES;
				CLANG_WARN_INFINITE_RECURSION = YES;
				CLANG_WARN_INT_CONVERSION = YES;
				CLANG_WARN_NON_LITERAL_NULL_CONVERSION = YES;
				CLANG_WARN_OBJC_IMPLICIT_RETAIN_SELF = YES;
				CLANG_WARN_OBJC_LITERAL_CONVERSION = YES;
				CLANG_WARN_OBJC_ROOT_CLASS = YES_ERROR;
				CLANG_WARN_QUOTED_INCLUDE_IN_FRAMEWORK_HEADER = YES;
				CLANG_WARN_RANGE_LOOP_ANALYSIS = YES;
				CLANG_WARN_STRICT_PROTOTYPES = YES;
				CLANG_WARN_SUSPICIOUS_MOVE = YES;
				CLANG_WARN_UNGUARDED_AVAILABILITY = YES_AGGRESSIVE;
				CLANG_WARN_UNREACHABLE_CODE = YES;
				CLANG_WARN__DUPLICATE_METHOD_MATCH = YES;
				COPY_PHASE_STRIP = NO;
				DEBUG_INFORMATION_FORMAT = dwarf;
				ENABLE_STRICT_OBJC_MSGSEND = YES;
				ENABLE_TESTABILITY = YES;
				GCC_C_LANGUAGE_STANDARD = gnu11;
				GCC_DYNAMIC_NO_PIC = NO;
				GCC_NO_COMMON_BLOCKS = YES;
				GCC_OPTIMIZATION_LEVEL = 0;
				GCC_PREPROCESSOR_DEFINITIONS = (
					"DEBUG=1",
					"$(inherited)",
				);
				GCC_WARN_64_TO_32_BIT_CONVERSION = YES;
				GCC_WARN_ABOUT_RETURN_TYPE = YES_ERROR;
				GCC_WARN_UNDECLARED_SELECTOR = YES;
				GCC_WARN_UNINITIALIZED_AUTOS = YES_AGGRESSIVE;
				GCC_WARN_UNUSED_FUNCTION = YES;
				GCC_WARN_UNUSED_VARIABLE = YES;
				IPHONEOS_DEPLOYMENT_TARGET = 13.0;
				MTL_ENABLE_DEBUG_INFO = INCLUDE_SOURCE;
				MTL_FAST_MATH = YES;
				ONLY_ACTIVE_ARCH = YES;
				SDKROOT = iphoneos;
				SWIFT_ACTIVE_COMPILATION_CONDITIONS = DEBUG;
				SWIFT_OPTIMIZATION_LEVEL = "-Onone";
			};
			name = Debug;
		};
		7B9C58052738A4BA006C1979 /* Release */ = {
			isa = XCBuildConfiguration;
			buildSettings = {
				ALWAYS_SEARCH_USER_PATHS = NO;
				CLANG_ANALYZER_NONNULL = YES;
				CLANG_ANALYZER_NUMBER_OBJECT_CONVERSION = YES_AGGRESSIVE;
				CLANG_CXX_LANGUAGE_STANDARD = "gnu++17";
				CLANG_CXX_LIBRARY = "libc++";
				CLANG_ENABLE_MODULES = YES;
				CLANG_ENABLE_OBJC_ARC = YES;
				CLANG_ENABLE_OBJC_WEAK = YES;
				CLANG_WARN_BLOCK_CAPTURE_AUTORELEASING = YES;
				CLANG_WARN_BOOL_CONVERSION = YES;
				CLANG_WARN_COMMA = YES;
				CLANG_WARN_CONSTANT_CONVERSION = YES;
				CLANG_WARN_DEPRECATED_OBJC_IMPLEMENTATIONS = YES;
				CLANG_WARN_DIRECT_OBJC_ISA_USAGE = YES_ERROR;
				CLANG_WARN_DOCUMENTATION_COMMENTS = YES;
				CLANG_WARN_EMPTY_BODY = YES;
				CLANG_WARN_ENUM_CONVERSION = YES;
				CLANG_WARN_INFINITE_RECURSION = YES;
				CLANG_WARN_INT_CONVERSION = YES;
				CLANG_WARN_NON_LITERAL_NULL_CONVERSION = YES;
				CLANG_WARN_OBJC_IMPLICIT_RETAIN_SELF = YES;
				CLANG_WARN_OBJC_LITERAL_CONVERSION = YES;
				CLANG_WARN_OBJC_ROOT_CLASS = YES_ERROR;
				CLANG_WARN_QUOTED_INCLUDE_IN_FRAMEWORK_HEADER = YES;
				CLANG_WARN_RANGE_LOOP_ANALYSIS = YES;
				CLANG_WARN_STRICT_PROTOTYPES = YES;
				CLANG_WARN_SUSPICIOUS_MOVE = YES;
				CLANG_WARN_UNGUARDED_AVAILABILITY = YES_AGGRESSIVE;
				CLANG_WARN_UNREACHABLE_CODE = YES;
				CLANG_WARN__DUPLICATE_METHOD_MATCH = YES;
				COPY_PHASE_STRIP = NO;
				DEBUG_INFORMATION_FORMAT = "dwarf-with-dsym";
				ENABLE_NS_ASSERTIONS = NO;
				ENABLE_STRICT_OBJC_MSGSEND = YES;
				GCC_C_LANGUAGE_STANDARD = gnu11;
				GCC_NO_COMMON_BLOCKS = YES;
				GCC_WARN_64_TO_32_BIT_CONVERSION = YES;
				GCC_WARN_ABOUT_RETURN_TYPE = YES_ERROR;
				GCC_WARN_UNDECLARED_SELECTOR = YES;
				GCC_WARN_UNINITIALIZED_AUTOS = YES_AGGRESSIVE;
				GCC_WARN_UNUSED_FUNCTION = YES;
				GCC_WARN_UNUSED_VARIABLE = YES;
				IPHONEOS_DEPLOYMENT_TARGET = 13.0;
				MTL_ENABLE_DEBUG_INFO = NO;
				MTL_FAST_MATH = YES;
				SDKROOT = iphoneos;
				SWIFT_COMPILATION_MODE = wholemodule;
				SWIFT_OPTIMIZATION_LEVEL = "-O";
				VALIDATE_PRODUCT = YES;
			};
			name = Release;
		};
		7B9C58072738A4BA006C1979 /* Debug */ = {
			isa = XCBuildConfiguration;
			buildSettings = {
				ASSETCATALOG_COMPILER_APPICON_NAME = AppIcon;
				ASSETCATALOG_COMPILER_GLOBAL_ACCENT_COLOR_NAME = AccentColor;
				CODE_SIGN_STYLE = Automatic;
				CURRENT_PROJECT_VERSION = 1;
				DEVELOPMENT_TEAM = 937MK3AF6X;
				GENERATE_INFOPLIST_FILE = YES;
				INFOPLIST_FILE = Formando/Info.plist;
				INFOPLIST_KEY_UIApplicationSupportsIndirectInputEvents = YES;
				INFOPLIST_KEY_UILaunchStoryboardName = LaunchScreen;
				INFOPLIST_KEY_UIMainStoryboardFile = "";
				INFOPLIST_KEY_UISupportedInterfaceOrientations = UIInterfaceOrientationPortrait;
				INFOPLIST_KEY_UISupportedInterfaceOrientations_iPad = "UIInterfaceOrientationPortrait UIInterfaceOrientationPortraitUpsideDown UIInterfaceOrientationLandscapeLeft UIInterfaceOrientationLandscapeRight";
				INFOPLIST_KEY_UISupportedInterfaceOrientations_iPhone = "UIInterfaceOrientationPortrait UIInterfaceOrientationLandscapeLeft UIInterfaceOrientationLandscapeRight";
				LD_RUNPATH_SEARCH_PATHS = (
					"$(inherited)",
					"@executable_path/Frameworks",
				);
				MARKETING_VERSION = 1.0;
				PRODUCT_BUNDLE_IDENTIFIER = com.patriciasampaiosiqueira.Formando;
				PRODUCT_NAME = "$(TARGET_NAME)";
				SWIFT_EMIT_LOC_STRINGS = YES;
				SWIFT_VERSION = 5.0;
				TARGETED_DEVICE_FAMILY = "1,2";
			};
			name = Debug;
		};
		7B9C58082738A4BA006C1979 /* Release */ = {
			isa = XCBuildConfiguration;
			buildSettings = {
				ASSETCATALOG_COMPILER_APPICON_NAME = AppIcon;
				ASSETCATALOG_COMPILER_GLOBAL_ACCENT_COLOR_NAME = AccentColor;
				CODE_SIGN_STYLE = Automatic;
				CURRENT_PROJECT_VERSION = 1;
				DEVELOPMENT_TEAM = 937MK3AF6X;
				GENERATE_INFOPLIST_FILE = YES;
				INFOPLIST_FILE = Formando/Info.plist;
				INFOPLIST_KEY_UIApplicationSupportsIndirectInputEvents = YES;
				INFOPLIST_KEY_UILaunchStoryboardName = LaunchScreen;
				INFOPLIST_KEY_UIMainStoryboardFile = "";
				INFOPLIST_KEY_UISupportedInterfaceOrientations = UIInterfaceOrientationPortrait;
				INFOPLIST_KEY_UISupportedInterfaceOrientations_iPad = "UIInterfaceOrientationPortrait UIInterfaceOrientationPortraitUpsideDown UIInterfaceOrientationLandscapeLeft UIInterfaceOrientationLandscapeRight";
				INFOPLIST_KEY_UISupportedInterfaceOrientations_iPhone = "UIInterfaceOrientationPortrait UIInterfaceOrientationLandscapeLeft UIInterfaceOrientationLandscapeRight";
				LD_RUNPATH_SEARCH_PATHS = (
					"$(inherited)",
					"@executable_path/Frameworks",
				);
				MARKETING_VERSION = 1.0;
				PRODUCT_BUNDLE_IDENTIFIER = com.patriciasampaiosiqueira.Formando;
				PRODUCT_NAME = "$(TARGET_NAME)";
				SWIFT_EMIT_LOC_STRINGS = YES;
				SWIFT_VERSION = 5.0;
				TARGETED_DEVICE_FAMILY = "1,2";
			};
			name = Release;
		};
/* End XCBuildConfiguration section */

/* Begin XCConfigurationList section */
		7B9C57D42738A4B8006C1979 /* Build configuration list for PBXProject "Formando" */ = {
			isa = XCConfigurationList;
			buildConfigurations = (
				7B9C58042738A4BA006C1979 /* Debug */,
				7B9C58052738A4BA006C1979 /* Release */,
			);
			defaultConfigurationIsVisible = 0;
			defaultConfigurationName = Release;
		};
		7B9C58062738A4BA006C1979 /* Build configuration list for PBXNativeTarget "Formando" */ = {
			isa = XCConfigurationList;
			buildConfigurations = (
				7B9C58072738A4BA006C1979 /* Debug */,
				7B9C58082738A4BA006C1979 /* Release */,
			);
			defaultConfigurationIsVisible = 0;
			defaultConfigurationName = Release;
		};
/* End XCConfigurationList section */

/* Begin XCRemoteSwiftPackageReference section */
		AF6B4CB3274FCA46008EB1E6 /* XCRemoteSwiftPackageReference "lottie-ios" */ = {
			isa = XCRemoteSwiftPackageReference;
			repositoryURL = "https://github.com/airbnb/lottie-ios.git";
			requirement = {
				kind = upToNextMajorVersion;
				minimumVersion = 3.0.0;
			};
		};
		AF6B4CB6274FCE0F008EB1E6 /* XCRemoteSwiftPackageReference "SoundsKit" */ = {
			isa = XCRemoteSwiftPackageReference;
			repositoryURL = "https://github.com/TeamLetrando/SoundsKit.git";
			requirement = {
				branch = main;
				kind = branch;
			};
		};
/* End XCRemoteSwiftPackageReference section */

/* Begin XCSwiftPackageProductDependency section */
		AF6B4CB4274FCA46008EB1E6 /* Lottie */ = {
			isa = XCSwiftPackageProductDependency;
			package = AF6B4CB3274FCA46008EB1E6 /* XCRemoteSwiftPackageReference "lottie-ios" */;
			productName = Lottie;
		};
		AF6B4CB7274FCE0F008EB1E6 /* SoundsKit */ = {
			isa = XCSwiftPackageProductDependency;
			package = AF6B4CB6274FCE0F008EB1E6 /* XCRemoteSwiftPackageReference "SoundsKit" */;
			productName = SoundsKit;
		};
/* End XCSwiftPackageProductDependency section */

/* Begin XCVersionGroup section */
		7B9C57E52738A4B8006C1979 /* Formando.xcdatamodeld */ = {
			isa = XCVersionGroup;
			children = (
				7B9C57E62738A4B8006C1979 /* Formando.xcdatamodel */,
			);
			currentVersion = 7B9C57E62738A4B8006C1979 /* Formando.xcdatamodel */;
			path = Formando.xcdatamodeld;
			sourceTree = "<group>";
			versionGroupType = wrapper.xcdatamodel;
		};
/* End XCVersionGroup section */
	};
	rootObject = 7B9C57D12738A4B8006C1979 /* Project object */;
}
