{
  "object": {
    "pins": [
      {
        "package": "Lottie",
        "repositoryURL": "https://github.com/airbnb/lottie-ios",
        "state": {
          "branch": "master",
          "revision": "e9c52fa3e2f962febb6fcc27a94eff15292130b2",
          "version": null
        }
      },
      {
        "package": "SoundsKit",
        "repositoryURL": "https://github.com/TeamLetrando/SoundsKit",
        "state": {
          "branch": "main",
          "revision": "1e4c1d078c942c5e67afba36589697dbdebdae85",
          "version": null
        }
      }
    ]
  },
  "version": 1
}
